
Microsoft Visual Studio Solution File, Format Version 12.00
# Visual Studio 15
VisualStudioVersion = 15.0.28307.421
MinimumVisualStudioVersion = 10.0.40219.1
Project("{FAE04EC0-301F-11D3-BF4B-00C04F79EFBC}") = "CalculadoraIMC.Android", "CalculadoraIMC\CalculadoraIMC.Android\CalculadoraIMC.Android.csproj", "{DC13D99B-4F04-4B7C-BFAA-6BB5A2699268}"
EndProject
Project("{FAE04EC0-301F-11D3-BF4B-00C04F79EFBC}") = "CalculadoraIMC", "CalculadoraIMC\CalculadoraIMC\CalculadoraIMC.csproj", "{4365F681-59A8-43C3-AD3F-431EFE4E783F}"
EndProject
Global
	GlobalSection(SolutionConfigurationPlatforms) = preSolution
		Debug|Any CPU = Debug|Any CPU
		Release|Any CPU = Release|Any CPU
	EndGlobalSection
	GlobalSection(ProjectConfigurationPlatforms) = postSolution
		{DC13D99B-4F04-4B7C-BFAA-6BB5A2699268}.Debug|Any CPU.ActiveCfg = Debug|Any CPU
		{DC13D99B-4F04-4B7C-BFAA-6BB5A2699268}.Debug|Any CPU.Build.0 = Debug|Any CPU
		{DC13D99B-4F04-4B7C-BFAA-6BB5A2699268}.Debug|Any CPU.Deploy.0 = Debug|Any CPU
		{DC13D99B-4F04-4B7C-BFAA-6BB5A2699268}.Release|Any CPU.ActiveCfg = Release|Any CPU
		{DC13D99B-4F04-4B7C-BFAA-6BB5A2699268}.Release|Any CPU.Build.0 = Release|Any CPU
		{DC13D99B-4F04-4B7C-BFAA-6BB5A2699268}.Release|Any CPU.Deploy.0 = Release|Any CPU
		{4365F681-59A8-43C3-AD3F-431EFE4E783F}.Debug|Any CPU.ActiveCfg = Debug|Any CPU
		{4365F681-59A8-43C3-AD3F-431EFE4E783F}.Debug|Any CPU.Build.0 = Debug|Any CPU
		{4365F681-59A8-43C3-AD3F-431EFE4E783F}.Debug|Any CPU.Deploy.0 = Debug|Any CPU
		{4365F681-59A8-43C3-AD3F-431EFE4E783F}.Release|Any CPU.ActiveCfg = Release|Any CPU
		{4365F681-59A8-43C3-AD3F-431EFE4E783F}.Release|Any CPU.Build.0 = Release|Any CPU
		{4365F681-59A8-43C3-AD3F-431EFE4E783F}.Release|Any CPU.Deploy.0 = Release|Any CPU
	EndGlobalSection
	GlobalSection(SolutionProperties) = preSolution
		HideSolutionNode = FALSE
	EndGlobalSection
	GlobalSection(ExtensibilityGlobals) = postSolution
		SolutionGuid = {A19CC37B-160E-48BB-8EEE-A34301CCE837}
	EndGlobalSection
EndGlobal
