
Microsoft Visual Studio Solution File, Format Version 12.00
# Visual Studio 15
VisualStudioVersion = 15.0.28307.421
MinimumVisualStudioVersion = 10.0.40219.1
Project("{FAE04EC0-301F-11D3-BF4B-00C04F79EFBC}") = "EmprestimoObjetos.Android", "EmprestimoObjetos\EmprestimoObjetos.Android\EmprestimoObjetos.Android.csproj", "{236FEAEB-CA21-46F4-8F55-7AAF5CD70D96}"
EndProject
Project("{FAE04EC0-301F-11D3-BF4B-00C04F79EFBC}") = "EmprestimoObjetos.iOS", "EmprestimoObjetos\EmprestimoObjetos.iOS\EmprestimoObjetos.iOS.csproj", "{FB924DA4-98C3-4234-ABCA-68DA90B06E26}"
EndProject
Project("{FAE04EC0-301F-11D3-BF4B-00C04F79EFBC}") = "EmprestimoObjetos.UWP", "EmprestimoObjetos\EmprestimoObjetos.UWP\EmprestimoObjetos.UWP.csproj", "{BCABC48C-0B27-49E8-ACFC-88E5FC98AA6E}"
EndProject
Project("{FAE04EC0-301F-11D3-BF4B-00C04F79EFBC}") = "EmprestimoObjetos", "EmprestimoObjetos\EmprestimoObjetos\EmprestimoObjetos.csproj", "{115E923A-B390-437B-9A96-16ABD13E9738}"
EndProject
Global
	GlobalSection(SolutionConfigurationPlatforms) = preSolution
		Ad-Hoc|Any CPU = Ad-Hoc|Any CPU
		Ad-Hoc|ARM = Ad-Hoc|ARM
		Ad-Hoc|iPhone = Ad-Hoc|iPhone
		Ad-Hoc|iPhoneSimulator = Ad-Hoc|iPhoneSimulator
		Ad-Hoc|x64 = Ad-Hoc|x64
		Ad-Hoc|x86 = Ad-Hoc|x86
		AppStore|Any CPU = AppStore|Any CPU
		AppStore|ARM = AppStore|ARM
		AppStore|iPhone = AppStore|iPhone
		AppStore|iPhoneSimulator = AppStore|iPhoneSimulator
		AppStore|x64 = AppStore|x64
		AppStore|x86 = AppStore|x86
		Debug|Any CPU = Debug|Any CPU
		Debug|ARM = Debug|ARM
		Debug|iPhone = Debug|iPhone
		Debug|iPhoneSimulator = Debug|iPhoneSimulator
		Debug|x64 = Debug|x64
		Debug|x86 = Debug|x86
		Release|Any CPU = Release|Any CPU
		Release|ARM = Release|ARM
		Release|iPhone = Release|iPhone
		Release|iPhoneSimulator = Release|iPhoneSimulator
		Release|x64 = Release|x64
		Release|x86 = Release|x86
	EndGlobalSection
	GlobalSection(ProjectConfigurationPlatforms) = postSolution
		{236FEAEB-CA21-46F4-8F55-7AAF5CD70D96}.Ad-Hoc|Any CPU.ActiveCfg = Release|Any CPU
		{236FEAEB-CA21-46F4-8F55-7AAF5CD70D96}.Ad-Hoc|Any CPU.Build.0 = Release|Any CPU
		{236FEAEB-CA21-46F4-8F55-7AAF5CD70D96}.Ad-Hoc|Any CPU.Deploy.0 = Release|Any CPU
		{236FEAEB-CA21-46F4-8F55-7AAF5CD70D96}.Ad-Hoc|ARM.ActiveCfg = Release|Any CPU
		{236FEAEB-CA21-46F4-8F55-7AAF5CD70D96}.Ad-Hoc|ARM.Build.0 = Release|Any CPU
		{236FEAEB-CA21-46F4-8F55-7AAF5CD70D96}.Ad-Hoc|ARM.Deploy.0 = Release|Any CPU
		{236FEAEB-CA21-46F4-8F55-7AAF5CD70D96}.Ad-Hoc|iPhone.ActiveCfg = Release|Any CPU
		{236FEAEB-CA21-46F4-8F55-7AAF5CD70D96}.Ad-Hoc|iPhone.Build.0 = Release|Any CPU
		{236FEAEB-CA21-46F4-8F55-7AAF5CD70D96}.Ad-Hoc|iPhone.Deploy.0 = Release|Any CPU
		{236FEAEB-CA21-46F4-8F55-7AAF5CD70D96}.Ad-Hoc|iPhoneSimulator.ActiveCfg = Release|Any CPU
		{236FEAEB-CA21-46F4-8F55-7AAF5CD70D96}.Ad-Hoc|iPhoneSimulator.Build.0 = Release|Any CPU
		{236FEAEB-CA21-46F4-8F55-7AAF5CD70D96}.Ad-Hoc|iPhoneSimulator.Deploy.0 = Release|Any CPU
		{236FEAEB-CA21-46F4-8F55-7AAF5CD70D96}.Ad-Hoc|x64.ActiveCfg = Release|Any CPU
		{236FEAEB-CA21-46F4-8F55-7AAF5CD70D96}.Ad-Hoc|x64.Build.0 = Release|Any CPU
		{236FEAEB-CA21-46F4-8F55-7AAF5CD70D96}.Ad-Hoc|x64.Deploy.0 = Release|Any CPU
		{236FEAEB-CA21-46F4-8F55-7AAF5CD70D96}.Ad-Hoc|x86.ActiveCfg = Release|Any CPU
		{236FEAEB-CA21-46F4-8F55-7AAF5CD70D96}.Ad-Hoc|x86.Build.0 = Release|Any CPU
		{236FEAEB-CA21-46F4-8F55-7AAF5CD70D96}.Ad-Hoc|x86.Deploy.0 = Release|Any CPU
		{236FEAEB-CA21-46F4-8F55-7AAF5CD70D96}.AppStore|Any CPU.ActiveCfg = Release|Any CPU
		{236FEAEB-CA21-46F4-8F55-7AAF5CD70D96}.AppStore|Any CPU.Build.0 = Release|Any CPU
		{236FEAEB-CA21-46F4-8F55-7AAF5CD70D96}.AppStore|Any CPU.Deploy.0 = Release|Any CPU
		{236FEAEB-CA21-46F4-8F55-7AAF5CD70D96}.AppStore|ARM.ActiveCfg = Release|Any CPU
		{236FEAEB-CA21-46F4-8F55-7AAF5CD70D96}.AppStore|ARM.Build.0 = Release|Any CPU
		{236FEAEB-CA21-46F4-8F55-7AAF5CD70D96}.AppStore|ARM.Deploy.0 = Release|Any CPU
		{236FEAEB-CA21-46F4-8F55-7AAF5CD70D96}.AppStore|iPhone.ActiveCfg = Release|Any CPU
		{236FEAEB-CA21-46F4-8F55-7AAF5CD70D96}.AppStore|iPhone.Build.0 = Release|Any CPU
		{236FEAEB-CA21-46F4-8F55-7AAF5CD70D96}.AppStore|iPhone.Deploy.0 = Release|Any CPU
		{236FEAEB-CA21-46F4-8F55-7AAF5CD70D96}.AppStore|iPhoneSimulator.ActiveCfg = Release|Any CPU
		{236FEAEB-CA21-46F4-8F55-7AAF5CD70D96}.AppStore|iPhoneSimulator.Build.0 = Release|Any CPU
		{236FEAEB-CA21-46F4-8F55-7AAF5CD70D96}.AppStore|iPhoneSimulator.Deploy.0 = Release|Any CPU
		{236FEAEB-CA21-46F4-8F55-7AAF5CD70D96}.AppStore|x64.ActiveCfg = Release|Any CPU
		{236FEAEB-CA21-46F4-8F55-7AAF5CD70D96}.AppStore|x64.Build.0 = Release|Any CPU
		{236FEAEB-CA21-46F4-8F55-7AAF5CD70D96}.AppStore|x64.Deploy.0 = Release|Any CPU
		{236FEAEB-CA21-46F4-8F55-7AAF5CD70D96}.AppStore|x86.ActiveCfg = Release|Any CPU
		{236FEAEB-CA21-46F4-8F55-7AAF5CD70D96}.AppStore|x86.Build.0 = Release|Any CPU
		{236FEAEB-CA21-46F4-8F55-7AAF5CD70D96}.AppStore|x86.Deploy.0 = Release|Any CPU
		{236FEAEB-CA21-46F4-8F55-7AAF5CD70D96}.Debug|Any CPU.ActiveCfg = Debug|Any CPU
		{236FEAEB-CA21-46F4-8F55-7AAF5CD70D96}.Debug|Any CPU.Build.0 = Debug|Any CPU
		{236FEAEB-CA21-46F4-8F55-7AAF5CD70D96}.Debug|Any CPU.Deploy.0 = Debug|Any CPU
		{236FEAEB-CA21-46F4-8F55-7AAF5CD70D96}.Debug|ARM.ActiveCfg = Debug|Any CPU
		{236FEAEB-CA21-46F4-8F55-7AAF5CD70D96}.Debug|ARM.Build.0 = Debug|Any CPU
		{236FEAEB-CA21-46F4-8F55-7AAF5CD70D96}.Debug|ARM.Deploy.0 = Debug|Any CPU
		{236FEAEB-CA21-46F4-8F55-7AAF5CD70D96}.Debug|iPhone.ActiveCfg = Debug|Any CPU
		{236FEAEB-CA21-46F4-8F55-7AAF5CD70D96}.Debug|iPhone.Build.0 = Debug|Any CPU
		{236FEAEB-CA21-46F4-8F55-7AAF5CD70D96}.Debug|iPhone.Deploy.0 = Debug|Any CPU
		{236FEAEB-CA21-46F4-8F55-7AAF5CD70D96}.Debug|iPhoneSimulator.ActiveCfg = Debug|Any CPU
		{236FEAEB-CA21-46F4-8F55-7AAF5CD70D96}.Debug|iPhoneSimulator.Build.0 = Debug|Any CPU
		{236FEAEB-CA21-46F4-8F55-7AAF5CD70D96}.Debug|iPhoneSimulator.Deploy.0 = Debug|Any CPU
		{236FEAEB-CA21-46F4-8F55-7AAF5CD70D96}.Debug|x64.ActiveCfg = Debug|Any CPU
		{236FEAEB-CA21-46F4-8F55-7AAF5CD70D96}.Debug|x64.Build.0 = Debug|Any CPU
		{236FEAEB-CA21-46F4-8F55-7AAF5CD70D96}.Debug|x64.Deploy.0 = Debug|Any CPU
		{236FEAEB-CA21-46F4-8F55-7AAF5CD70D96}.Debug|x86.ActiveCfg = Debug|Any CPU
		{236FEAEB-CA21-46F4-8F55-7AAF5CD70D96}.Debug|x86.Build.0 = Debug|Any CPU
		{236FEAEB-CA21-46F4-8F55-7AAF5CD70D96}.Debug|x86.Deploy.0 = Debug|Any CPU
		{236FEAEB-CA21-46F4-8F55-7AAF5CD70D96}.Release|Any CPU.ActiveCfg = Release|Any CPU
		{236FEAEB-CA21-46F4-8F55-7AAF5CD70D96}.Release|Any CPU.Build.0 = Release|Any CPU
		{236FEAEB-CA21-46F4-8F55-7AAF5CD70D96}.Release|Any CPU.Deploy.0 = Release|Any CPU
		{236FEAEB-CA21-46F4-8F55-7AAF5CD70D96}.Release|ARM.ActiveCfg = Release|Any CPU
		{236FEAEB-CA21-46F4-8F55-7AAF5CD70D96}.Release|ARM.Build.0 = Release|Any CPU
		{236FEAEB-CA21-46F4-8F55-7AAF5CD70D96}.Release|ARM.Deploy.0 = Release|Any CPU
		{236FEAEB-CA21-46F4-8F55-7AAF5CD70D96}.Release|iPhone.ActiveCfg = Release|Any CPU
		{236FEAEB-CA21-46F4-8F55-7AAF5CD70D96}.Release|iPhone.Build.0 = Release|Any CPU
		{236FEAEB-CA21-46F4-8F55-7AAF5CD70D96}.Release|iPhone.Deploy.0 = Release|Any CPU
		{236FEAEB-CA21-46F4-8F55-7AAF5CD70D96}.Release|iPhoneSimulator.ActiveCfg = Release|Any CPU
		{236FEAEB-CA21-46F4-8F55-7AAF5CD70D96}.Release|iPhoneSimulator.Build.0 = Release|Any CPU
		{236FEAEB-CA21-46F4-8F55-7AAF5CD70D96}.Release|iPhoneSimulator.Deploy.0 = Release|Any CPU
		{236FEAEB-CA21-46F4-8F55-7AAF5CD70D96}.Release|x64.ActiveCfg = Release|Any CPU
		{236FEAEB-CA21-46F4-8F55-7AAF5CD70D96}.Release|x64.Build.0 = Release|Any CPU
		{236FEAEB-CA21-46F4-8F55-7AAF5CD70D96}.Release|x64.Deploy.0 = Release|Any CPU
		{236FEAEB-CA21-46F4-8F55-7AAF5CD70D96}.Release|x86.ActiveCfg = Release|Any CPU
		{236FEAEB-CA21-46F4-8F55-7AAF5CD70D96}.Release|x86.Build.0 = Release|Any CPU
		{236FEAEB-CA21-46F4-8F55-7AAF5CD70D96}.Release|x86.Deploy.0 = Release|Any CPU
		{FB924DA4-98C3-4234-ABCA-68DA90B06E26}.Ad-Hoc|Any CPU.ActiveCfg = Ad-Hoc|iPhone
		{FB924DA4-98C3-4234-ABCA-68DA90B06E26}.Ad-Hoc|Any CPU.Build.0 = Ad-Hoc|iPhone
		{FB924DA4-98C3-4234-ABCA-68DA90B06E26}.Ad-Hoc|Any CPU.Deploy.0 = Ad-Hoc|iPhone
		{FB924DA4-98C3-4234-ABCA-68DA90B06E26}.Ad-Hoc|ARM.ActiveCfg = Ad-Hoc|iPhone
		{FB924DA4-98C3-4234-ABCA-68DA90B06E26}.Ad-Hoc|ARM.Build.0 = Ad-Hoc|iPhone
		{FB924DA4-98C3-4234-ABCA-68DA90B06E26}.Ad-Hoc|ARM.Deploy.0 = Ad-Hoc|iPhone
		{FB924DA4-98C3-4234-ABCA-68DA90B06E26}.Ad-Hoc|iPhone.ActiveCfg = Ad-Hoc|iPhone
		{FB924DA4-98C3-4234-ABCA-68DA90B06E26}.Ad-Hoc|iPhone.Build.0 = Ad-Hoc|iPhone
		{FB924DA4-98C3-4234-ABCA-68DA90B06E26}.Ad-Hoc|iPhone.Deploy.0 = Ad-Hoc|iPhone
		{FB924DA4-98C3-4234-ABCA-68DA90B06E26}.Ad-Hoc|iPhoneSimulator.ActiveCfg = Ad-Hoc|iPhoneSimulator
		{FB924DA4-98C3-4234-ABCA-68DA90B06E26}.Ad-Hoc|iPhoneSimulator.Build.0 = Ad-Hoc|iPhoneSimulator
		{FB924DA4-98C3-4234-ABCA-68DA90B06E26}.Ad-Hoc|iPhoneSimulator.Deploy.0 = Ad-Hoc|iPhoneSimulator
		{FB924DA4-98C3-4234-ABCA-68DA90B06E26}.Ad-Hoc|x64.ActiveCfg = Ad-Hoc|iPhone
		{FB924DA4-98C3-4234-ABCA-68DA90B06E26}.Ad-Hoc|x64.Build.0 = Ad-Hoc|iPhone
		{FB924DA4-98C3-4234-ABCA-68DA90B06E26}.Ad-Hoc|x64.Deploy.0 = Ad-Hoc|iPhone
		{FB924DA4-98C3-4234-ABCA-68DA90B06E26}.Ad-Hoc|x86.ActiveCfg = Ad-Hoc|iPhone
		{FB924DA4-98C3-4234-ABCA-68DA90B06E26}.Ad-Hoc|x86.Build.0 = Ad-Hoc|iPhone
		{FB924DA4-98C3-4234-ABCA-68DA90B06E26}.Ad-Hoc|x86.Deploy.0 = Ad-Hoc|iPhone
		{FB924DA4-98C3-4234-ABCA-68DA90B06E26}.AppStore|Any CPU.ActiveCfg = AppStore|iPhone
		{FB924DA4-98C3-4234-ABCA-68DA90B06E26}.AppStore|Any CPU.Build.0 = AppStore|iPhone
		{FB924DA4-98C3-4234-ABCA-68DA90B06E26}.AppStore|Any CPU.Deploy.0 = AppStore|iPhone
		{FB924DA4-98C3-4234-ABCA-68DA90B06E26}.AppStore|ARM.ActiveCfg = AppStore|iPhone
		{FB924DA4-98C3-4234-ABCA-68DA90B06E26}.AppStore|ARM.Build.0 = AppStore|iPhone
		{FB924DA4-98C3-4234-ABCA-68DA90B06E26}.AppStore|ARM.Deploy.0 = AppStore|iPhone
		{FB924DA4-98C3-4234-ABCA-68DA90B06E26}.AppStore|iPhone.ActiveCfg = AppStore|iPhone
		{FB924DA4-98C3-4234-ABCA-68DA90B06E26}.AppStore|iPhone.Build.0 = AppStore|iPhone
		{FB924DA4-98C3-4234-ABCA-68DA90B06E26}.AppStore|iPhone.Deploy.0 = AppStore|iPhone
		{FB924DA4-98C3-4234-ABCA-68DA90B06E26}.AppStore|iPhoneSimulator.ActiveCfg = AppStore|iPhoneSimulator
		{FB924DA4-98C3-4234-ABCA-68DA90B06E26}.AppStore|iPhoneSimulator.Build.0 = AppStore|iPhoneSimulator
		{FB924DA4-98C3-4234-ABCA-68DA90B06E26}.AppStore|iPhoneSimulator.Deploy.0 = AppStore|iPhoneSimulator
		{FB924DA4-98C3-4234-ABCA-68DA90B06E26}.AppStore|x64.ActiveCfg = AppStore|iPhone
		{FB924DA4-98C3-4234-ABCA-68DA90B06E26}.AppStore|x64.Build.0 = AppStore|iPhone
		{FB924DA4-98C3-4234-ABCA-68DA90B06E26}.AppStore|x64.Deploy.0 = AppStore|iPhone
		{FB924DA4-98C3-4234-ABCA-68DA90B06E26}.AppStore|x86.ActiveCfg = AppStore|iPhone
		{FB924DA4-98C3-4234-ABCA-68DA90B06E26}.AppStore|x86.Build.0 = AppStore|iPhone
		{FB924DA4-98C3-4234-ABCA-68DA90B06E26}.AppStore|x86.Deploy.0 = AppStore|iPhone
		{FB924DA4-98C3-4234-ABCA-68DA90B06E26}.Debug|Any CPU.ActiveCfg = Debug|iPhoneSimulator
		{FB924DA4-98C3-4234-ABCA-68DA90B06E26}.Debug|Any CPU.Build.0 = Debug|iPhoneSimulator
		{FB924DA4-98C3-4234-ABCA-68DA90B06E26}.Debug|Any CPU.Deploy.0 = Debug|iPhoneSimulator
		{FB924DA4-98C3-4234-ABCA-68DA90B06E26}.Debug|ARM.ActiveCfg = Debug|iPhone
		{FB924DA4-98C3-4234-ABCA-68DA90B06E26}.Debug|ARM.Build.0 = Debug|iPhone
		{FB924DA4-98C3-4234-ABCA-68DA90B06E26}.Debug|ARM.Deploy.0 = Debug|iPhone
		{FB924DA4-98C3-4234-ABCA-68DA90B06E26}.Debug|iPhone.ActiveCfg = Debug|iPhone
		{FB924DA4-98C3-4234-ABCA-68DA90B06E26}.Debug|iPhone.Build.0 = Debug|iPhone
		{FB924DA4-98C3-4234-ABCA-68DA90B06E26}.Debug|iPhone.Deploy.0 = Debug|iPhone
		{FB924DA4-98C3-4234-ABCA-68DA90B06E26}.Debug|iPhoneSimulator.ActiveCfg = Debug|iPhoneSimulator
		{FB924DA4-98C3-4234-ABCA-68DA90B06E26}.Debug|iPhoneSimulator.Build.0 = Debug|iPhoneSimulator
		{FB924DA4-98C3-4234-ABCA-68DA90B06E26}.Debug|iPhoneSimulator.Deploy.0 = Debug|iPhoneSimulator
		{FB924DA4-98C3-4234-ABCA-68DA90B06E26}.Debug|x64.ActiveCfg = Debug|iPhone
		{FB924DA4-98C3-4234-ABCA-68DA90B06E26}.Debug|x64.Build.0 = Debug|iPhone
		{FB924DA4-98C3-4234-ABCA-68DA90B06E26}.Debug|x64.Deploy.0 = Debug|iPhone
		{FB924DA4-98C3-4234-ABCA-68DA90B06E26}.Debug|x86.ActiveCfg = Debug|iPhone
		{FB924DA4-98C3-4234-ABCA-68DA90B06E26}.Debug|x86.Build.0 = Debug|iPhone
		{FB924DA4-98C3-4234-ABCA-68DA90B06E26}.Debug|x86.Deploy.0 = Debug|iPhone
		{FB924DA4-98C3-4234-ABCA-68DA90B06E26}.Release|Any CPU.ActiveCfg = Release|iPhone
		{FB924DA4-98C3-4234-ABCA-68DA90B06E26}.Release|Any CPU.Build.0 = Release|iPhone
		{FB924DA4-98C3-4234-ABCA-68DA90B06E26}.Release|Any CPU.Deploy.0 = Release|iPhone
		{FB924DA4-98C3-4234-ABCA-68DA90B06E26}.Release|ARM.ActiveCfg = Release|iPhone
		{FB924DA4-98C3-4234-ABCA-68DA90B06E26}.Release|ARM.Build.0 = Release|iPhone
		{FB924DA4-98C3-4234-ABCA-68DA90B06E26}.Release|ARM.Deploy.0 = Release|iPhone
		{FB924DA4-98C3-4234-ABCA-68DA90B06E26}.Release|iPhone.ActiveCfg = Release|iPhone
		{FB924DA4-98C3-4234-ABCA-68DA90B06E26}.Release|iPhone.Build.0 = Release|iPhone
		{FB924DA4-98C3-4234-ABCA-68DA90B06E26}.Release|iPhone.Deploy.0 = Release|iPhone
		{FB924DA4-98C3-4234-ABCA-68DA90B06E26}.Release|iPhoneSimulator.ActiveCfg = Release|iPhoneSimulator
		{FB924DA4-98C3-4234-ABCA-68DA90B06E26}.Release|iPhoneSimulator.Build.0 = Release|iPhoneSimulator
		{FB924DA4-98C3-4234-ABCA-68DA90B06E26}.Release|iPhoneSimulator.Deploy.0 = Release|iPhoneSimulator
		{FB924DA4-98C3-4234-ABCA-68DA90B06E26}.Release|x64.ActiveCfg = Release|iPhone
		{FB924DA4-98C3-4234-ABCA-68DA90B06E26}.Release|x64.Build.0 = Release|iPhone
		{FB924DA4-98C3-4234-ABCA-68DA90B06E26}.Release|x64.Deploy.0 = Release|iPhone
		{FB924DA4-98C3-4234-ABCA-68DA90B06E26}.Release|x86.ActiveCfg = Release|iPhone
		{FB924DA4-98C3-4234-ABCA-68DA90B06E26}.Release|x86.Build.0 = Release|iPhone
		{FB924DA4-98C3-4234-ABCA-68DA90B06E26}.Release|x86.Deploy.0 = Release|iPhone
		{BCABC48C-0B27-49E8-ACFC-88E5FC98AA6E}.Ad-Hoc|Any CPU.ActiveCfg = Release|x86
		{BCABC48C-0B27-49E8-ACFC-88E5FC98AA6E}.Ad-Hoc|Any CPU.Build.0 = Release|x86
		{BCABC48C-0B27-49E8-ACFC-88E5FC98AA6E}.Ad-Hoc|Any CPU.Deploy.0 = Release|x86
		{BCABC48C-0B27-49E8-ACFC-88E5FC98AA6E}.Ad-Hoc|ARM.ActiveCfg = Release|ARM
		{BCABC48C-0B27-49E8-ACFC-88E5FC98AA6E}.Ad-Hoc|ARM.Build.0 = Release|ARM
		{BCABC48C-0B27-49E8-ACFC-88E5FC98AA6E}.Ad-Hoc|ARM.Deploy.0 = Release|ARM
		{BCABC48C-0B27-49E8-ACFC-88E5FC98AA6E}.Ad-Hoc|iPhone.ActiveCfg = Release|x86
		{BCABC48C-0B27-49E8-ACFC-88E5FC98AA6E}.Ad-Hoc|iPhone.Build.0 = Release|x86
		{BCABC48C-0B27-49E8-ACFC-88E5FC98AA6E}.Ad-Hoc|iPhone.Deploy.0 = Release|x86
		{BCABC48C-0B27-49E8-ACFC-88E5FC98AA6E}.Ad-Hoc|iPhoneSimulator.ActiveCfg = Release|x86
		{BCABC48C-0B27-49E8-ACFC-88E5FC98AA6E}.Ad-Hoc|iPhoneSimulator.Build.0 = Release|x86
		{BCABC48C-0B27-49E8-ACFC-88E5FC98AA6E}.Ad-Hoc|iPhoneSimulator.Deploy.0 = Release|x86
		{BCABC48C-0B27-49E8-ACFC-88E5FC98AA6E}.Ad-Hoc|x64.ActiveCfg = Release|x64
		{BCABC48C-0B27-49E8-ACFC-88E5FC98AA6E}.Ad-Hoc|x64.Build.0 = Release|x64
		{BCABC48C-0B27-49E8-ACFC-88E5FC98AA6E}.Ad-Hoc|x64.Deploy.0 = Release|x64
		{BCABC48C-0B27-49E8-ACFC-88E5FC98AA6E}.Ad-Hoc|x86.ActiveCfg = Release|x86
		{BCABC48C-0B27-49E8-ACFC-88E5FC98AA6E}.Ad-Hoc|x86.Build.0 = Release|x86
		{BCABC48C-0B27-49E8-ACFC-88E5FC98AA6E}.Ad-Hoc|x86.Deploy.0 = Release|x86
		{BCABC48C-0B27-49E8-ACFC-88E5FC98AA6E}.AppStore|Any CPU.ActiveCfg = Release|x86
		{BCABC48C-0B27-49E8-ACFC-88E5FC98AA6E}.AppStore|Any CPU.Build.0 = Release|x86
		{BCABC48C-0B27-49E8-ACFC-88E5FC98AA6E}.AppStore|Any CPU.Deploy.0 = Release|x86
		{BCABC48C-0B27-49E8-ACFC-88E5FC98AA6E}.AppStore|ARM.ActiveCfg = Release|ARM
		{BCABC48C-0B27-49E8-ACFC-88E5FC98AA6E}.AppStore|ARM.Build.0 = Release|ARM
		{BCABC48C-0B27-49E8-ACFC-88E5FC98AA6E}.AppStore|ARM.Deploy.0 = Release|ARM
		{BCABC48C-0B27-49E8-ACFC-88E5FC98AA6E}.AppStore|iPhone.ActiveCfg = Release|x86
		{BCABC48C-0B27-49E8-ACFC-88E5FC98AA6E}.AppStore|iPhone.Build.0 = Release|x86
		{BCABC48C-0B27-49E8-ACFC-88E5FC98AA6E}.AppStore|iPhone.Deploy.0 = Release|x86
		{BCABC48C-0B27-49E8-ACFC-88E5FC98AA6E}.AppStore|iPhoneSimulator.ActiveCfg = Release|x86
		{BCABC48C-0B27-49E8-ACFC-88E5FC98AA6E}.AppStore|iPhoneSimulator.Build.0 = Release|x86
		{BCABC48C-0B27-49E8-ACFC-88E5FC98AA6E}.AppStore|iPhoneSimulator.Deploy.0 = Release|x86
		{BCABC48C-0B27-49E8-ACFC-88E5FC98AA6E}.AppStore|x64.ActiveCfg = Release|x64
		{BCABC48C-0B27-49E8-ACFC-88E5FC98AA6E}.AppStore|x64.Build.0 = Release|x64
		{BCABC48C-0B27-49E8-ACFC-88E5FC98AA6E}.AppStore|x64.Deploy.0 = Release|x64
		{BCABC48C-0B27-49E8-ACFC-88E5FC98AA6E}.AppStore|x86.ActiveCfg = Release|x86
		{BCABC48C-0B27-49E8-ACFC-88E5FC98AA6E}.AppStore|x86.Build.0 = Release|x86
		{BCABC48C-0B27-49E8-ACFC-88E5FC98AA6E}.AppStore|x86.Deploy.0 = Release|x86
		{BCABC48C-0B27-49E8-ACFC-88E5FC98AA6E}.Debug|Any CPU.ActiveCfg = Debug|x86
		{BCABC48C-0B27-49E8-ACFC-88E5FC98AA6E}.Debug|Any CPU.Build.0 = Debug|x86
		{BCABC48C-0B27-49E8-ACFC-88E5FC98AA6E}.Debug|Any CPU.Deploy.0 = Debug|x86
		{BCABC48C-0B27-49E8-ACFC-88E5FC98AA6E}.Debug|ARM.ActiveCfg = Debug|ARM
		{BCABC48C-0B27-49E8-ACFC-88E5FC98AA6E}.Debug|ARM.Build.0 = Debug|ARM
		{BCABC48C-0B27-49E8-ACFC-88E5FC98AA6E}.Debug|ARM.Deploy.0 = Debug|ARM
		{BCABC48C-0B27-49E8-ACFC-88E5FC98AA6E}.Debug|iPhone.ActiveCfg = Debug|x86
		{BCABC48C-0B27-49E8-ACFC-88E5FC98AA6E}.Debug|iPhone.Build.0 = Debug|x86
		{BCABC48C-0B27-49E8-ACFC-88E5FC98AA6E}.Debug|iPhone.Deploy.0 = Debug|x86
		{BCABC48C-0B27-49E8-ACFC-88E5FC98AA6E}.Debug|iPhoneSimulator.ActiveCfg = Debug|x86
		{BCABC48C-0B27-49E8-ACFC-88E5FC98AA6E}.Debug|iPhoneSimulator.Build.0 = Debug|x86
		{BCABC48C-0B27-49E8-ACFC-88E5FC98AA6E}.Debug|iPhoneSimulator.Deploy.0 = Debug|x86
		{BCABC48C-0B27-49E8-ACFC-88E5FC98AA6E}.Debug|x64.ActiveCfg = Debug|x64
		{BCABC48C-0B27-49E8-ACFC-88E5FC98AA6E}.Debug|x64.Build.0 = Debug|x64
		{BCABC48C-0B27-49E8-ACFC-88E5FC98AA6E}.Debug|x64.Deploy.0 = Debug|x64
		{BCABC48C-0B27-49E8-ACFC-88E5FC98AA6E}.Debug|x86.ActiveCfg = Debug|x86
		{BCABC48C-0B27-49E8-ACFC-88E5FC98AA6E}.Debug|x86.Build.0 = Debug|x86
		{BCABC48C-0B27-49E8-ACFC-88E5FC98AA6E}.Debug|x86.Deploy.0 = Debug|x86
		{BCABC48C-0B27-49E8-ACFC-88E5FC98AA6E}.Release|Any CPU.ActiveCfg = Release|x86
		{BCABC48C-0B27-49E8-ACFC-88E5FC98AA6E}.Release|Any CPU.Build.0 = Release|x86
		{BCABC48C-0B27-49E8-ACFC-88E5FC98AA6E}.Release|Any CPU.Deploy.0 = Release|x86
		{BCABC48C-0B27-49E8-ACFC-88E5FC98AA6E}.Release|ARM.ActiveCfg = Release|ARM
		{BCABC48C-0B27-49E8-ACFC-88E5FC98AA6E}.Release|ARM.Build.0 = Release|ARM
		{BCABC48C-0B27-49E8-ACFC-88E5FC98AA6E}.Release|ARM.Deploy.0 = Release|ARM
		{BCABC48C-0B27-49E8-ACFC-88E5FC98AA6E}.Release|iPhone.ActiveCfg = Release|x86
		{BCABC48C-0B27-49E8-ACFC-88E5FC98AA6E}.Release|iPhone.Build.0 = Release|x86
		{BCABC48C-0B27-49E8-ACFC-88E5FC98AA6E}.Release|iPhone.Deploy.0 = Release|x86
		{BCABC48C-0B27-49E8-ACFC-88E5FC98AA6E}.Release|iPhoneSimulator.ActiveCfg = Release|x86
		{BCABC48C-0B27-49E8-ACFC-88E5FC98AA6E}.Release|iPhoneSimulator.Build.0 = Release|x86
		{BCABC48C-0B27-49E8-ACFC-88E5FC98AA6E}.Release|iPhoneSimulator.Deploy.0 = Release|x86
		{BCABC48C-0B27-49E8-ACFC-88E5FC98AA6E}.Release|x64.ActiveCfg = Release|x64
		{BCABC48C-0B27-49E8-ACFC-88E5FC98AA6E}.Release|x64.Build.0 = Release|x64
		{BCABC48C-0B27-49E8-ACFC-88E5FC98AA6E}.Release|x64.Deploy.0 = Release|x64
		{BCABC48C-0B27-49E8-ACFC-88E5FC98AA6E}.Release|x86.ActiveCfg = Release|x86
		{BCABC48C-0B27-49E8-ACFC-88E5FC98AA6E}.Release|x86.Build.0 = Release|x86
		{BCABC48C-0B27-49E8-ACFC-88E5FC98AA6E}.Release|x86.Deploy.0 = Release|x86
		{115E923A-B390-437B-9A96-16ABD13E9738}.Ad-Hoc|Any CPU.ActiveCfg = Debug|Any CPU
		{115E923A-B390-437B-9A96-16ABD13E9738}.Ad-Hoc|Any CPU.Build.0 = Debug|Any CPU
		{115E923A-B390-437B-9A96-16ABD13E9738}.Ad-Hoc|Any CPU.Deploy.0 = Debug|Any CPU
		{115E923A-B390-437B-9A96-16ABD13E9738}.Ad-Hoc|ARM.ActiveCfg = Debug|Any CPU
		{115E923A-B390-437B-9A96-16ABD13E9738}.Ad-Hoc|ARM.Build.0 = Debug|Any CPU
		{115E923A-B390-437B-9A96-16ABD13E9738}.Ad-Hoc|ARM.Deploy.0 = Debug|Any CPU
		{115E923A-B390-437B-9A96-16ABD13E9738}.Ad-Hoc|iPhone.ActiveCfg = Debug|Any CPU
		{115E923A-B390-437B-9A96-16ABD13E9738}.Ad-Hoc|iPhone.Build.0 = Debug|Any CPU
		{115E923A-B390-437B-9A96-16ABD13E9738}.Ad-Hoc|iPhone.Deploy.0 = Debug|Any CPU
		{115E923A-B390-437B-9A96-16ABD13E9738}.Ad-Hoc|iPhoneSimulator.ActiveCfg = Debug|Any CPU
		{115E923A-B390-437B-9A96-16ABD13E9738}.Ad-Hoc|iPhoneSimulator.Build.0 = Debug|Any CPU
		{115E923A-B390-437B-9A96-16ABD13E9738}.Ad-Hoc|iPhoneSimulator.Deploy.0 = Debug|Any CPU
		{115E923A-B390-437B-9A96-16ABD13E9738}.Ad-Hoc|x64.ActiveCfg = Debug|Any CPU
		{115E923A-B390-437B-9A96-16ABD13E9738}.Ad-Hoc|x64.Build.0 = Debug|Any CPU
		{115E923A-B390-437B-9A96-16ABD13E9738}.Ad-Hoc|x64.Deploy.0 = Debug|Any CPU
		{115E923A-B390-437B-9A96-16ABD13E9738}.Ad-Hoc|x86.ActiveCfg = Debug|Any CPU
		{115E923A-B390-437B-9A96-16ABD13E9738}.Ad-Hoc|x86.Build.0 = Debug|Any CPU
		{115E923A-B390-437B-9A96-16ABD13E9738}.Ad-Hoc|x86.Deploy.0 = Debug|Any CPU
		{115E923A-B390-437B-9A96-16ABD13E9738}.AppStore|Any CPU.ActiveCfg = Debug|Any CPU
		{115E923A-B390-437B-9A96-16ABD13E9738}.AppStore|Any CPU.Build.0 = Debug|Any CPU
		{115E923A-B390-437B-9A96-16ABD13E9738}.AppStore|Any CPU.Deploy.0 = Debug|Any CPU
		{115E923A-B390-437B-9A96-16ABD13E9738}.AppStore|ARM.ActiveCfg = Debug|Any CPU
		{115E923A-B390-437B-9A96-16ABD13E9738}.AppStore|ARM.Build.0 = Debug|Any CPU
		{115E923A-B390-437B-9A96-16ABD13E9738}.AppStore|ARM.Deploy.0 = Debug|Any CPU
		{115E923A-B390-437B-9A96-16ABD13E9738}.AppStore|iPhone.ActiveCfg = Debug|Any CPU
		{115E923A-B390-437B-9A96-16ABD13E9738}.AppStore|iPhone.Build.0 = Debug|Any CPU
		{115E923A-B390-437B-9A96-16ABD13E9738}.AppStore|iPhone.Deploy.0 = Debug|Any CPU
		{115E923A-B390-437B-9A96-16ABD13E9738}.AppStore|iPhoneSimulator.ActiveCfg = Debug|Any CPU
		{115E923A-B390-437B-9A96-16ABD13E9738}.AppStore|iPhoneSimulator.Build.0 = Debug|Any CPU
		{115E923A-B390-437B-9A96-16ABD13E9738}.AppStore|iPhoneSimulator.Deploy.0 = Debug|Any CPU
		{115E923A-B390-437B-9A96-16ABD13E9738}.AppStore|x64.ActiveCfg = Debug|Any CPU
		{115E923A-B390-437B-9A96-16ABD13E9738}.AppStore|x64.Build.0 = Debug|Any CPU
		{115E923A-B390-437B-9A96-16ABD13E9738}.AppStore|x64.Deploy.0 = Debug|Any CPU
		{115E923A-B390-437B-9A96-16ABD13E9738}.AppStore|x86.ActiveCfg = Debug|Any CPU
		{115E923A-B390-437B-9A96-16ABD13E9738}.AppStore|x86.Build.0 = Debug|Any CPU
		{115E923A-B390-437B-9A96-16ABD13E9738}.AppStore|x86.Deploy.0 = Debug|Any CPU
		{115E923A-B390-437B-9A96-16ABD13E9738}.Debug|Any CPU.ActiveCfg = Debug|Any CPU
		{115E923A-B390-437B-9A96-16ABD13E9738}.Debug|Any CPU.Build.0 = Debug|Any CPU
		{115E923A-B390-437B-9A96-16ABD13E9738}.Debug|Any CPU.Deploy.0 = Debug|Any CPU
		{115E923A-B390-437B-9A96-16ABD13E9738}.Debug|ARM.ActiveCfg = Debug|Any CPU
		{115E923A-B390-437B-9A96-16ABD13E9738}.Debug|ARM.Build.0 = Debug|Any CPU
		{115E923A-B390-437B-9A96-16ABD13E9738}.Debug|ARM.Deploy.0 = Debug|Any CPU
		{115E923A-B390-437B-9A96-16ABD13E9738}.Debug|iPhone.ActiveCfg = Debug|Any CPU
		{115E923A-B390-437B-9A96-16ABD13E9738}.Debug|iPhone.Build.0 = Debug|Any CPU
		{115E923A-B390-437B-9A96-16ABD13E9738}.Debug|iPhone.Deploy.0 = Debug|Any CPU
		{115E923A-B390-437B-9A96-16ABD13E9738}.Debug|iPhoneSimulator.ActiveCfg = Debug|Any CPU
		{115E923A-B390-437B-9A96-16ABD13E9738}.Debug|iPhoneSimulator.Build.0 = Debug|Any CPU
		{115E923A-B390-437B-9A96-16ABD13E9738}.Debug|iPhoneSimulator.Deploy.0 = Debug|Any CPU
		{115E923A-B390-437B-9A96-16ABD13E9738}.Debug|x64.ActiveCfg = Debug|Any CPU
		{115E923A-B390-437B-9A96-16ABD13E9738}.Debug|x64.Build.0 = Debug|Any CPU
		{115E923A-B390-437B-9A96-16ABD13E9738}.Debug|x64.Deploy.0 = Debug|Any CPU
		{115E923A-B390-437B-9A96-16ABD13E9738}.Debug|x86.ActiveCfg = Debug|Any CPU
		{115E923A-B390-437B-9A96-16ABD13E9738}.Debug|x86.Build.0 = Debug|Any CPU
		{115E923A-B390-437B-9A96-16ABD13E9738}.Debug|x86.Deploy.0 = Debug|Any CPU
		{115E923A-B390-437B-9A96-16ABD13E9738}.Release|Any CPU.ActiveCfg = Release|Any CPU
		{115E923A-B390-437B-9A96-16ABD13E9738}.Release|Any CPU.Build.0 = Release|Any CPU
		{115E923A-B390-437B-9A96-16ABD13E9738}.Release|Any CPU.Deploy.0 = Release|Any CPU
		{115E923A-B390-437B-9A96-16ABD13E9738}.Release|ARM.ActiveCfg = Release|Any CPU
		{115E923A-B390-437B-9A96-16ABD13E9738}.Release|ARM.Build.0 = Release|Any CPU
		{115E923A-B390-437B-9A96-16ABD13E9738}.Release|ARM.Deploy.0 = Release|Any CPU
		{115E923A-B390-437B-9A96-16ABD13E9738}.Release|iPhone.ActiveCfg = Release|Any CPU
		{115E923A-B390-437B-9A96-16ABD13E9738}.Release|iPhone.Build.0 = Release|Any CPU
		{115E923A-B390-437B-9A96-16ABD13E9738}.Release|iPhone.Deploy.0 = Release|Any CPU
		{115E923A-B390-437B-9A96-16ABD13E9738}.Release|iPhoneSimulator.ActiveCfg = Release|Any CPU
		{115E923A-B390-437B-9A96-16ABD13E9738}.Release|iPhoneSimulator.Build.0 = Release|Any CPU
		{115E923A-B390-437B-9A96-16ABD13E9738}.Release|iPhoneSimulator.Deploy.0 = Release|Any CPU
		{115E923A-B390-437B-9A96-16ABD13E9738}.Release|x64.ActiveCfg = Release|Any CPU
		{115E923A-B390-437B-9A96-16ABD13E9738}.Release|x64.Build.0 = Release|Any CPU
		{115E923A-B390-437B-9A96-16ABD13E9738}.Release|x64.Deploy.0 = Release|Any CPU
		{115E923A-B390-437B-9A96-16ABD13E9738}.Release|x86.ActiveCfg = Release|Any CPU
		{115E923A-B390-437B-9A96-16ABD13E9738}.Release|x86.Build.0 = Release|Any CPU
		{115E923A-B390-437B-9A96-16ABD13E9738}.Release|x86.Deploy.0 = Release|Any CPU
	EndGlobalSection
	GlobalSection(SolutionProperties) = preSolution
		HideSolutionNode = FALSE
	EndGlobalSection
	GlobalSection(ExtensibilityGlobals) = postSolution
		SolutionGuid = {2EAB958A-ACEA-4529-AB07-A9FA62992A2C}
	EndGlobalSection
EndGlobal
