
Microsoft Visual Studio Solution File, Format Version 12.00
# Visual Studio 15
VisualStudioVersion = 15.0.28307.421
MinimumVisualStudioVersion = 10.0.40219.1
Project("{FAE04EC0-301F-11D3-BF4B-00C04F79EFBC}") = "MarcadorTruco.Android", "MarcadorTruco\MarcadorTruco.Android\MarcadorTruco.Android.csproj", "{249A50A8-ADE5-49E5-B7E4-53A71190D6B2}"
EndProject
Project("{FAE04EC0-301F-11D3-BF4B-00C04F79EFBC}") = "MarcadorTruco.iOS", "MarcadorTruco\MarcadorTruco.iOS\MarcadorTruco.iOS.csproj", "{ECD81361-CF51-4EBB-9CD4-1C5A5AF71CFF}"
EndProject
Project("{FAE04EC0-301F-11D3-BF4B-00C04F79EFBC}") = "MarcadorTruco.UWP", "MarcadorTruco\MarcadorTruco.UWP\MarcadorTruco.UWP.csproj", "{8FE32293-37CD-429D-8A2F-6A9631034BF3}"
EndProject
Project("{FAE04EC0-301F-11D3-BF4B-00C04F79EFBC}") = "MarcadorTruco", "MarcadorTruco\MarcadorTruco\MarcadorTruco.csproj", "{B133901B-A252-4FA7-9D1D-7C009BD130A1}"
EndProject
Global
	GlobalSection(SolutionConfigurationPlatforms) = preSolution
		Ad-Hoc|Any CPU = Ad-Hoc|Any CPU
		Ad-Hoc|ARM = Ad-Hoc|ARM
		Ad-Hoc|iPhone = Ad-Hoc|iPhone
		Ad-Hoc|iPhoneSimulator = Ad-Hoc|iPhoneSimulator
		Ad-Hoc|x64 = Ad-Hoc|x64
		Ad-Hoc|x86 = Ad-Hoc|x86
		AppStore|Any CPU = AppStore|Any CPU
		AppStore|ARM = AppStore|ARM
		AppStore|iPhone = AppStore|iPhone
		AppStore|iPhoneSimulator = AppStore|iPhoneSimulator
		AppStore|x64 = AppStore|x64
		AppStore|x86 = AppStore|x86
		Debug|Any CPU = Debug|Any CPU
		Debug|ARM = Debug|ARM
		Debug|iPhone = Debug|iPhone
		Debug|iPhoneSimulator = Debug|iPhoneSimulator
		Debug|x64 = Debug|x64
		Debug|x86 = Debug|x86
		Release|Any CPU = Release|Any CPU
		Release|ARM = Release|ARM
		Release|iPhone = Release|iPhone
		Release|iPhoneSimulator = Release|iPhoneSimulator
		Release|x64 = Release|x64
		Release|x86 = Release|x86
	EndGlobalSection
	GlobalSection(ProjectConfigurationPlatforms) = postSolution
		{249A50A8-ADE5-49E5-B7E4-53A71190D6B2}.Ad-Hoc|Any CPU.ActiveCfg = Release|Any CPU
		{249A50A8-ADE5-49E5-B7E4-53A71190D6B2}.Ad-Hoc|Any CPU.Build.0 = Release|Any CPU
		{249A50A8-ADE5-49E5-B7E4-53A71190D6B2}.Ad-Hoc|Any CPU.Deploy.0 = Release|Any CPU
		{249A50A8-ADE5-49E5-B7E4-53A71190D6B2}.Ad-Hoc|ARM.ActiveCfg = Release|Any CPU
		{249A50A8-ADE5-49E5-B7E4-53A71190D6B2}.Ad-Hoc|ARM.Build.0 = Release|Any CPU
		{249A50A8-ADE5-49E5-B7E4-53A71190D6B2}.Ad-Hoc|ARM.Deploy.0 = Release|Any CPU
		{249A50A8-ADE5-49E5-B7E4-53A71190D6B2}.Ad-Hoc|iPhone.ActiveCfg = Release|Any CPU
		{249A50A8-ADE5-49E5-B7E4-53A71190D6B2}.Ad-Hoc|iPhone.Build.0 = Release|Any CPU
		{249A50A8-ADE5-49E5-B7E4-53A71190D6B2}.Ad-Hoc|iPhone.Deploy.0 = Release|Any CPU
		{249A50A8-ADE5-49E5-B7E4-53A71190D6B2}.Ad-Hoc|iPhoneSimulator.ActiveCfg = Release|Any CPU
		{249A50A8-ADE5-49E5-B7E4-53A71190D6B2}.Ad-Hoc|iPhoneSimulator.Build.0 = Release|Any CPU
		{249A50A8-ADE5-49E5-B7E4-53A71190D6B2}.Ad-Hoc|iPhoneSimulator.Deploy.0 = Release|Any CPU
		{249A50A8-ADE5-49E5-B7E4-53A71190D6B2}.Ad-Hoc|x64.ActiveCfg = Release|Any CPU
		{249A50A8-ADE5-49E5-B7E4-53A71190D6B2}.Ad-Hoc|x64.Build.0 = Release|Any CPU
		{249A50A8-ADE5-49E5-B7E4-53A71190D6B2}.Ad-Hoc|x64.Deploy.0 = Release|Any CPU
		{249A50A8-ADE5-49E5-B7E4-53A71190D6B2}.Ad-Hoc|x86.ActiveCfg = Release|Any CPU
		{249A50A8-ADE5-49E5-B7E4-53A71190D6B2}.Ad-Hoc|x86.Build.0 = Release|Any CPU
		{249A50A8-ADE5-49E5-B7E4-53A71190D6B2}.Ad-Hoc|x86.Deploy.0 = Release|Any CPU
		{249A50A8-ADE5-49E5-B7E4-53A71190D6B2}.AppStore|Any CPU.ActiveCfg = Release|Any CPU
		{249A50A8-ADE5-49E5-B7E4-53A71190D6B2}.AppStore|Any CPU.Build.0 = Release|Any CPU
		{249A50A8-ADE5-49E5-B7E4-53A71190D6B2}.AppStore|Any CPU.Deploy.0 = Release|Any CPU
		{249A50A8-ADE5-49E5-B7E4-53A71190D6B2}.AppStore|ARM.ActiveCfg = Release|Any CPU
		{249A50A8-ADE5-49E5-B7E4-53A71190D6B2}.AppStore|ARM.Build.0 = Release|Any CPU
		{249A50A8-ADE5-49E5-B7E4-53A71190D6B2}.AppStore|ARM.Deploy.0 = Release|Any CPU
		{249A50A8-ADE5-49E5-B7E4-53A71190D6B2}.AppStore|iPhone.ActiveCfg = Release|Any CPU
		{249A50A8-ADE5-49E5-B7E4-53A71190D6B2}.AppStore|iPhone.Build.0 = Release|Any CPU
		{249A50A8-ADE5-49E5-B7E4-53A71190D6B2}.AppStore|iPhone.Deploy.0 = Release|Any CPU
		{249A50A8-ADE5-49E5-B7E4-53A71190D6B2}.AppStore|iPhoneSimulator.ActiveCfg = Release|Any CPU
		{249A50A8-ADE5-49E5-B7E4-53A71190D6B2}.AppStore|iPhoneSimulator.Build.0 = Release|Any CPU
		{249A50A8-ADE5-49E5-B7E4-53A71190D6B2}.AppStore|iPhoneSimulator.Deploy.0 = Release|Any CPU
		{249A50A8-ADE5-49E5-B7E4-53A71190D6B2}.AppStore|x64.ActiveCfg = Release|Any CPU
		{249A50A8-ADE5-49E5-B7E4-53A71190D6B2}.AppStore|x64.Build.0 = Release|Any CPU
		{249A50A8-ADE5-49E5-B7E4-53A71190D6B2}.AppStore|x64.Deploy.0 = Release|Any CPU
		{249A50A8-ADE5-49E5-B7E4-53A71190D6B2}.AppStore|x86.ActiveCfg = Release|Any CPU
		{249A50A8-ADE5-49E5-B7E4-53A71190D6B2}.AppStore|x86.Build.0 = Release|Any CPU
		{249A50A8-ADE5-49E5-B7E4-53A71190D6B2}.AppStore|x86.Deploy.0 = Release|Any CPU
		{249A50A8-ADE5-49E5-B7E4-53A71190D6B2}.Debug|Any CPU.ActiveCfg = Debug|Any CPU
		{249A50A8-ADE5-49E5-B7E4-53A71190D6B2}.Debug|Any CPU.Build.0 = Debug|Any CPU
		{249A50A8-ADE5-49E5-B7E4-53A71190D6B2}.Debug|Any CPU.Deploy.0 = Debug|Any CPU
		{249A50A8-ADE5-49E5-B7E4-53A71190D6B2}.Debug|ARM.ActiveCfg = Debug|Any CPU
		{249A50A8-ADE5-49E5-B7E4-53A71190D6B2}.Debug|ARM.Build.0 = Debug|Any CPU
		{249A50A8-ADE5-49E5-B7E4-53A71190D6B2}.Debug|ARM.Deploy.0 = Debug|Any CPU
		{249A50A8-ADE5-49E5-B7E4-53A71190D6B2}.Debug|iPhone.ActiveCfg = Debug|Any CPU
		{249A50A8-ADE5-49E5-B7E4-53A71190D6B2}.Debug|iPhone.Build.0 = Debug|Any CPU
		{249A50A8-ADE5-49E5-B7E4-53A71190D6B2}.Debug|iPhone.Deploy.0 = Debug|Any CPU
		{249A50A8-ADE5-49E5-B7E4-53A71190D6B2}.Debug|iPhoneSimulator.ActiveCfg = Debug|Any CPU
		{249A50A8-ADE5-49E5-B7E4-53A71190D6B2}.Debug|iPhoneSimulator.Build.0 = Debug|Any CPU
		{249A50A8-ADE5-49E5-B7E4-53A71190D6B2}.Debug|iPhoneSimulator.Deploy.0 = Debug|Any CPU
		{249A50A8-ADE5-49E5-B7E4-53A71190D6B2}.Debug|x64.ActiveCfg = Debug|Any CPU
		{249A50A8-ADE5-49E5-B7E4-53A71190D6B2}.Debug|x64.Build.0 = Debug|Any CPU
		{249A50A8-ADE5-49E5-B7E4-53A71190D6B2}.Debug|x64.Deploy.0 = Debug|Any CPU
		{249A50A8-ADE5-49E5-B7E4-53A71190D6B2}.Debug|x86.ActiveCfg = Debug|Any CPU
		{249A50A8-ADE5-49E5-B7E4-53A71190D6B2}.Debug|x86.Build.0 = Debug|Any CPU
		{249A50A8-ADE5-49E5-B7E4-53A71190D6B2}.Debug|x86.Deploy.0 = Debug|Any CPU
		{249A50A8-ADE5-49E5-B7E4-53A71190D6B2}.Release|Any CPU.ActiveCfg = Release|Any CPU
		{249A50A8-ADE5-49E5-B7E4-53A71190D6B2}.Release|Any CPU.Build.0 = Release|Any CPU
		{249A50A8-ADE5-49E5-B7E4-53A71190D6B2}.Release|Any CPU.Deploy.0 = Release|Any CPU
		{249A50A8-ADE5-49E5-B7E4-53A71190D6B2}.Release|ARM.ActiveCfg = Release|Any CPU
		{249A50A8-ADE5-49E5-B7E4-53A71190D6B2}.Release|ARM.Build.0 = Release|Any CPU
		{249A50A8-ADE5-49E5-B7E4-53A71190D6B2}.Release|ARM.Deploy.0 = Release|Any CPU
		{249A50A8-ADE5-49E5-B7E4-53A71190D6B2}.Release|iPhone.ActiveCfg = Release|Any CPU
		{249A50A8-ADE5-49E5-B7E4-53A71190D6B2}.Release|iPhone.Build.0 = Release|Any CPU
		{249A50A8-ADE5-49E5-B7E4-53A71190D6B2}.Release|iPhone.Deploy.0 = Release|Any CPU
		{249A50A8-ADE5-49E5-B7E4-53A71190D6B2}.Release|iPhoneSimulator.ActiveCfg = Release|Any CPU
		{249A50A8-ADE5-49E5-B7E4-53A71190D6B2}.Release|iPhoneSimulator.Build.0 = Release|Any CPU
		{249A50A8-ADE5-49E5-B7E4-53A71190D6B2}.Release|iPhoneSimulator.Deploy.0 = Release|Any CPU
		{249A50A8-ADE5-49E5-B7E4-53A71190D6B2}.Release|x64.ActiveCfg = Release|Any CPU
		{249A50A8-ADE5-49E5-B7E4-53A71190D6B2}.Release|x64.Build.0 = Release|Any CPU
		{249A50A8-ADE5-49E5-B7E4-53A71190D6B2}.Release|x64.Deploy.0 = Release|Any CPU
		{249A50A8-ADE5-49E5-B7E4-53A71190D6B2}.Release|x86.ActiveCfg = Release|Any CPU
		{249A50A8-ADE5-49E5-B7E4-53A71190D6B2}.Release|x86.Build.0 = Release|Any CPU
		{249A50A8-ADE5-49E5-B7E4-53A71190D6B2}.Release|x86.Deploy.0 = Release|Any CPU
		{ECD81361-CF51-4EBB-9CD4-1C5A5AF71CFF}.Ad-Hoc|Any CPU.ActiveCfg = Ad-Hoc|iPhone
		{ECD81361-CF51-4EBB-9CD4-1C5A5AF71CFF}.Ad-Hoc|Any CPU.Build.0 = Ad-Hoc|iPhone
		{ECD81361-CF51-4EBB-9CD4-1C5A5AF71CFF}.Ad-Hoc|Any CPU.Deploy.0 = Ad-Hoc|iPhone
		{ECD81361-CF51-4EBB-9CD4-1C5A5AF71CFF}.Ad-Hoc|ARM.ActiveCfg = Ad-Hoc|iPhone
		{ECD81361-CF51-4EBB-9CD4-1C5A5AF71CFF}.Ad-Hoc|ARM.Build.0 = Ad-Hoc|iPhone
		{ECD81361-CF51-4EBB-9CD4-1C5A5AF71CFF}.Ad-Hoc|ARM.Deploy.0 = Ad-Hoc|iPhone
		{ECD81361-CF51-4EBB-9CD4-1C5A5AF71CFF}.Ad-Hoc|iPhone.ActiveCfg = Ad-Hoc|iPhone
		{ECD81361-CF51-4EBB-9CD4-1C5A5AF71CFF}.Ad-Hoc|iPhone.Build.0 = Ad-Hoc|iPhone
		{ECD81361-CF51-4EBB-9CD4-1C5A5AF71CFF}.Ad-Hoc|iPhone.Deploy.0 = Ad-Hoc|iPhone
		{ECD81361-CF51-4EBB-9CD4-1C5A5AF71CFF}.Ad-Hoc|iPhoneSimulator.ActiveCfg = Ad-Hoc|iPhoneSimulator
		{ECD81361-CF51-4EBB-9CD4-1C5A5AF71CFF}.Ad-Hoc|iPhoneSimulator.Build.0 = Ad-Hoc|iPhoneSimulator
		{ECD81361-CF51-4EBB-9CD4-1C5A5AF71CFF}.Ad-Hoc|iPhoneSimulator.Deploy.0 = Ad-Hoc|iPhoneSimulator
		{ECD81361-CF51-4EBB-9CD4-1C5A5AF71CFF}.Ad-Hoc|x64.ActiveCfg = Ad-Hoc|iPhone
		{ECD81361-CF51-4EBB-9CD4-1C5A5AF71CFF}.Ad-Hoc|x64.Build.0 = Ad-Hoc|iPhone
		{ECD81361-CF51-4EBB-9CD4-1C5A5AF71CFF}.Ad-Hoc|x64.Deploy.0 = Ad-Hoc|iPhone
		{ECD81361-CF51-4EBB-9CD4-1C5A5AF71CFF}.Ad-Hoc|x86.ActiveCfg = Ad-Hoc|iPhone
		{ECD81361-CF51-4EBB-9CD4-1C5A5AF71CFF}.Ad-Hoc|x86.Build.0 = Ad-Hoc|iPhone
		{ECD81361-CF51-4EBB-9CD4-1C5A5AF71CFF}.Ad-Hoc|x86.Deploy.0 = Ad-Hoc|iPhone
		{ECD81361-CF51-4EBB-9CD4-1C5A5AF71CFF}.AppStore|Any CPU.ActiveCfg = AppStore|iPhone
		{ECD81361-CF51-4EBB-9CD4-1C5A5AF71CFF}.AppStore|Any CPU.Build.0 = AppStore|iPhone
		{ECD81361-CF51-4EBB-9CD4-1C5A5AF71CFF}.AppStore|Any CPU.Deploy.0 = AppStore|iPhone
		{ECD81361-CF51-4EBB-9CD4-1C5A5AF71CFF}.AppStore|ARM.ActiveCfg = AppStore|iPhone
		{ECD81361-CF51-4EBB-9CD4-1C5A5AF71CFF}.AppStore|ARM.Build.0 = AppStore|iPhone
		{ECD81361-CF51-4EBB-9CD4-1C5A5AF71CFF}.AppStore|ARM.Deploy.0 = AppStore|iPhone
		{ECD81361-CF51-4EBB-9CD4-1C5A5AF71CFF}.AppStore|iPhone.ActiveCfg = AppStore|iPhone
		{ECD81361-CF51-4EBB-9CD4-1C5A5AF71CFF}.AppStore|iPhone.Build.0 = AppStore|iPhone
		{ECD81361-CF51-4EBB-9CD4-1C5A5AF71CFF}.AppStore|iPhone.Deploy.0 = AppStore|iPhone
		{ECD81361-CF51-4EBB-9CD4-1C5A5AF71CFF}.AppStore|iPhoneSimulator.ActiveCfg = AppStore|iPhoneSimulator
		{ECD81361-CF51-4EBB-9CD4-1C5A5AF71CFF}.AppStore|iPhoneSimulator.Build.0 = AppStore|iPhoneSimulator
		{ECD81361-CF51-4EBB-9CD4-1C5A5AF71CFF}.AppStore|iPhoneSimulator.Deploy.0 = AppStore|iPhoneSimulator
		{ECD81361-CF51-4EBB-9CD4-1C5A5AF71CFF}.AppStore|x64.ActiveCfg = AppStore|iPhone
		{ECD81361-CF51-4EBB-9CD4-1C5A5AF71CFF}.AppStore|x64.Build.0 = AppStore|iPhone
		{ECD81361-CF51-4EBB-9CD4-1C5A5AF71CFF}.AppStore|x64.Deploy.0 = AppStore|iPhone
		{ECD81361-CF51-4EBB-9CD4-1C5A5AF71CFF}.AppStore|x86.ActiveCfg = AppStore|iPhone
		{ECD81361-CF51-4EBB-9CD4-1C5A5AF71CFF}.AppStore|x86.Build.0 = AppStore|iPhone
		{ECD81361-CF51-4EBB-9CD4-1C5A5AF71CFF}.AppStore|x86.Deploy.0 = AppStore|iPhone
		{ECD81361-CF51-4EBB-9CD4-1C5A5AF71CFF}.Debug|Any CPU.ActiveCfg = Debug|iPhoneSimulator
		{ECD81361-CF51-4EBB-9CD4-1C5A5AF71CFF}.Debug|Any CPU.Build.0 = Debug|iPhoneSimulator
		{ECD81361-CF51-4EBB-9CD4-1C5A5AF71CFF}.Debug|Any CPU.Deploy.0 = Debug|iPhoneSimulator
		{ECD81361-CF51-4EBB-9CD4-1C5A5AF71CFF}.Debug|ARM.ActiveCfg = Debug|iPhone
		{ECD81361-CF51-4EBB-9CD4-1C5A5AF71CFF}.Debug|ARM.Build.0 = Debug|iPhone
		{ECD81361-CF51-4EBB-9CD4-1C5A5AF71CFF}.Debug|ARM.Deploy.0 = Debug|iPhone
		{ECD81361-CF51-4EBB-9CD4-1C5A5AF71CFF}.Debug|iPhone.ActiveCfg = Debug|iPhone
		{ECD81361-CF51-4EBB-9CD4-1C5A5AF71CFF}.Debug|iPhone.Build.0 = Debug|iPhone
		{ECD81361-CF51-4EBB-9CD4-1C5A5AF71CFF}.Debug|iPhone.Deploy.0 = Debug|iPhone
		{ECD81361-CF51-4EBB-9CD4-1C5A5AF71CFF}.Debug|iPhoneSimulator.ActiveCfg = Debug|iPhoneSimulator
		{ECD81361-CF51-4EBB-9CD4-1C5A5AF71CFF}.Debug|iPhoneSimulator.Build.0 = Debug|iPhoneSimulator
		{ECD81361-CF51-4EBB-9CD4-1C5A5AF71CFF}.Debug|iPhoneSimulator.Deploy.0 = Debug|iPhoneSimulator
		{ECD81361-CF51-4EBB-9CD4-1C5A5AF71CFF}.Debug|x64.ActiveCfg = Debug|iPhone
		{ECD81361-CF51-4EBB-9CD4-1C5A5AF71CFF}.Debug|x64.Build.0 = Debug|iPhone
		{ECD81361-CF51-4EBB-9CD4-1C5A5AF71CFF}.Debug|x64.Deploy.0 = Debug|iPhone
		{ECD81361-CF51-4EBB-9CD4-1C5A5AF71CFF}.Debug|x86.ActiveCfg = Debug|iPhone
		{ECD81361-CF51-4EBB-9CD4-1C5A5AF71CFF}.Debug|x86.Build.0 = Debug|iPhone
		{ECD81361-CF51-4EBB-9CD4-1C5A5AF71CFF}.Debug|x86.Deploy.0 = Debug|iPhone
		{ECD81361-CF51-4EBB-9CD4-1C5A5AF71CFF}.Release|Any CPU.ActiveCfg = Release|iPhone
		{ECD81361-CF51-4EBB-9CD4-1C5A5AF71CFF}.Release|Any CPU.Build.0 = Release|iPhone
		{ECD81361-CF51-4EBB-9CD4-1C5A5AF71CFF}.Release|Any CPU.Deploy.0 = Release|iPhone
		{ECD81361-CF51-4EBB-9CD4-1C5A5AF71CFF}.Release|ARM.ActiveCfg = Release|iPhone
		{ECD81361-CF51-4EBB-9CD4-1C5A5AF71CFF}.Release|ARM.Build.0 = Release|iPhone
		{ECD81361-CF51-4EBB-9CD4-1C5A5AF71CFF}.Release|ARM.Deploy.0 = Release|iPhone
		{ECD81361-CF51-4EBB-9CD4-1C5A5AF71CFF}.Release|iPhone.ActiveCfg = Release|iPhone
		{ECD81361-CF51-4EBB-9CD4-1C5A5AF71CFF}.Release|iPhone.Build.0 = Release|iPhone
		{ECD81361-CF51-4EBB-9CD4-1C5A5AF71CFF}.Release|iPhone.Deploy.0 = Release|iPhone
		{ECD81361-CF51-4EBB-9CD4-1C5A5AF71CFF}.Release|iPhoneSimulator.ActiveCfg = Release|iPhoneSimulator
		{ECD81361-CF51-4EBB-9CD4-1C5A5AF71CFF}.Release|iPhoneSimulator.Build.0 = Release|iPhoneSimulator
		{ECD81361-CF51-4EBB-9CD4-1C5A5AF71CFF}.Release|iPhoneSimulator.Deploy.0 = Release|iPhoneSimulator
		{ECD81361-CF51-4EBB-9CD4-1C5A5AF71CFF}.Release|x64.ActiveCfg = Release|iPhone
		{ECD81361-CF51-4EBB-9CD4-1C5A5AF71CFF}.Release|x64.Build.0 = Release|iPhone
		{ECD81361-CF51-4EBB-9CD4-1C5A5AF71CFF}.Release|x64.Deploy.0 = Release|iPhone
		{ECD81361-CF51-4EBB-9CD4-1C5A5AF71CFF}.Release|x86.ActiveCfg = Release|iPhone
		{ECD81361-CF51-4EBB-9CD4-1C5A5AF71CFF}.Release|x86.Build.0 = Release|iPhone
		{ECD81361-CF51-4EBB-9CD4-1C5A5AF71CFF}.Release|x86.Deploy.0 = Release|iPhone
		{8FE32293-37CD-429D-8A2F-6A9631034BF3}.Ad-Hoc|Any CPU.ActiveCfg = Release|x86
		{8FE32293-37CD-429D-8A2F-6A9631034BF3}.Ad-Hoc|Any CPU.Build.0 = Release|x86
		{8FE32293-37CD-429D-8A2F-6A9631034BF3}.Ad-Hoc|Any CPU.Deploy.0 = Release|x86
		{8FE32293-37CD-429D-8A2F-6A9631034BF3}.Ad-Hoc|ARM.ActiveCfg = Release|ARM
		{8FE32293-37CD-429D-8A2F-6A9631034BF3}.Ad-Hoc|ARM.Build.0 = Release|ARM
		{8FE32293-37CD-429D-8A2F-6A9631034BF3}.Ad-Hoc|ARM.Deploy.0 = Release|ARM
		{8FE32293-37CD-429D-8A2F-6A9631034BF3}.Ad-Hoc|iPhone.ActiveCfg = Release|x86
		{8FE32293-37CD-429D-8A2F-6A9631034BF3}.Ad-Hoc|iPhone.Build.0 = Release|x86
		{8FE32293-37CD-429D-8A2F-6A9631034BF3}.Ad-Hoc|iPhone.Deploy.0 = Release|x86
		{8FE32293-37CD-429D-8A2F-6A9631034BF3}.Ad-Hoc|iPhoneSimulator.ActiveCfg = Release|x86
		{8FE32293-37CD-429D-8A2F-6A9631034BF3}.Ad-Hoc|iPhoneSimulator.Build.0 = Release|x86
		{8FE32293-37CD-429D-8A2F-6A9631034BF3}.Ad-Hoc|iPhoneSimulator.Deploy.0 = Release|x86
		{8FE32293-37CD-429D-8A2F-6A9631034BF3}.Ad-Hoc|x64.ActiveCfg = Release|x64
		{8FE32293-37CD-429D-8A2F-6A9631034BF3}.Ad-Hoc|x64.Build.0 = Release|x64
		{8FE32293-37CD-429D-8A2F-6A9631034BF3}.Ad-Hoc|x64.Deploy.0 = Release|x64
		{8FE32293-37CD-429D-8A2F-6A9631034BF3}.Ad-Hoc|x86.ActiveCfg = Release|x86
		{8FE32293-37CD-429D-8A2F-6A9631034BF3}.Ad-Hoc|x86.Build.0 = Release|x86
		{8FE32293-37CD-429D-8A2F-6A9631034BF3}.Ad-Hoc|x86.Deploy.0 = Release|x86
		{8FE32293-37CD-429D-8A2F-6A9631034BF3}.AppStore|Any CPU.ActiveCfg = Release|x86
		{8FE32293-37CD-429D-8A2F-6A9631034BF3}.AppStore|Any CPU.Build.0 = Release|x86
		{8FE32293-37CD-429D-8A2F-6A9631034BF3}.AppStore|Any CPU.Deploy.0 = Release|x86
		{8FE32293-37CD-429D-8A2F-6A9631034BF3}.AppStore|ARM.ActiveCfg = Release|ARM
		{8FE32293-37CD-429D-8A2F-6A9631034BF3}.AppStore|ARM.Build.0 = Release|ARM
		{8FE32293-37CD-429D-8A2F-6A9631034BF3}.AppStore|ARM.Deploy.0 = Release|ARM
		{8FE32293-37CD-429D-8A2F-6A9631034BF3}.AppStore|iPhone.ActiveCfg = Release|x86
		{8FE32293-37CD-429D-8A2F-6A9631034BF3}.AppStore|iPhone.Build.0 = Release|x86
		{8FE32293-37CD-429D-8A2F-6A9631034BF3}.AppStore|iPhone.Deploy.0 = Release|x86
		{8FE32293-37CD-429D-8A2F-6A9631034BF3}.AppStore|iPhoneSimulator.ActiveCfg = Release|x86
		{8FE32293-37CD-429D-8A2F-6A9631034BF3}.AppStore|iPhoneSimulator.Build.0 = Release|x86
		{8FE32293-37CD-429D-8A2F-6A9631034BF3}.AppStore|iPhoneSimulator.Deploy.0 = Release|x86
		{8FE32293-37CD-429D-8A2F-6A9631034BF3}.AppStore|x64.ActiveCfg = Release|x64
		{8FE32293-37CD-429D-8A2F-6A9631034BF3}.AppStore|x64.Build.0 = Release|x64
		{8FE32293-37CD-429D-8A2F-6A9631034BF3}.AppStore|x64.Deploy.0 = Release|x64
		{8FE32293-37CD-429D-8A2F-6A9631034BF3}.AppStore|x86.ActiveCfg = Release|x86
		{8FE32293-37CD-429D-8A2F-6A9631034BF3}.AppStore|x86.Build.0 = Release|x86
		{8FE32293-37CD-429D-8A2F-6A9631034BF3}.AppStore|x86.Deploy.0 = Release|x86
		{8FE32293-37CD-429D-8A2F-6A9631034BF3}.Debug|Any CPU.ActiveCfg = Debug|x86
		{8FE32293-37CD-429D-8A2F-6A9631034BF3}.Debug|Any CPU.Build.0 = Debug|x86
		{8FE32293-37CD-429D-8A2F-6A9631034BF3}.Debug|Any CPU.Deploy.0 = Debug|x86
		{8FE32293-37CD-429D-8A2F-6A9631034BF3}.Debug|ARM.ActiveCfg = Debug|ARM
		{8FE32293-37CD-429D-8A2F-6A9631034BF3}.Debug|ARM.Build.0 = Debug|ARM
		{8FE32293-37CD-429D-8A2F-6A9631034BF3}.Debug|ARM.Deploy.0 = Debug|ARM
		{8FE32293-37CD-429D-8A2F-6A9631034BF3}.Debug|iPhone.ActiveCfg = Debug|x86
		{8FE32293-37CD-429D-8A2F-6A9631034BF3}.Debug|iPhone.Build.0 = Debug|x86
		{8FE32293-37CD-429D-8A2F-6A9631034BF3}.Debug|iPhone.Deploy.0 = Debug|x86
		{8FE32293-37CD-429D-8A2F-6A9631034BF3}.Debug|iPhoneSimulator.ActiveCfg = Debug|x86
		{8FE32293-37CD-429D-8A2F-6A9631034BF3}.Debug|iPhoneSimulator.Build.0 = Debug|x86
		{8FE32293-37CD-429D-8A2F-6A9631034BF3}.Debug|iPhoneSimulator.Deploy.0 = Debug|x86
		{8FE32293-37CD-429D-8A2F-6A9631034BF3}.Debug|x64.ActiveCfg = Debug|x64
		{8FE32293-37CD-429D-8A2F-6A9631034BF3}.Debug|x64.Build.0 = Debug|x64
		{8FE32293-37CD-429D-8A2F-6A9631034BF3}.Debug|x64.Deploy.0 = Debug|x64
		{8FE32293-37CD-429D-8A2F-6A9631034BF3}.Debug|x86.ActiveCfg = Debug|x86
		{8FE32293-37CD-429D-8A2F-6A9631034BF3}.Debug|x86.Build.0 = Debug|x86
		{8FE32293-37CD-429D-8A2F-6A9631034BF3}.Debug|x86.Deploy.0 = Debug|x86
		{8FE32293-37CD-429D-8A2F-6A9631034BF3}.Release|Any CPU.ActiveCfg = Release|x86
		{8FE32293-37CD-429D-8A2F-6A9631034BF3}.Release|Any CPU.Build.0 = Release|x86
		{8FE32293-37CD-429D-8A2F-6A9631034BF3}.Release|Any CPU.Deploy.0 = Release|x86
		{8FE32293-37CD-429D-8A2F-6A9631034BF3}.Release|ARM.ActiveCfg = Release|ARM
		{8FE32293-37CD-429D-8A2F-6A9631034BF3}.Release|ARM.Build.0 = Release|ARM
		{8FE32293-37CD-429D-8A2F-6A9631034BF3}.Release|ARM.Deploy.0 = Release|ARM
		{8FE32293-37CD-429D-8A2F-6A9631034BF3}.Release|iPhone.ActiveCfg = Release|x86
		{8FE32293-37CD-429D-8A2F-6A9631034BF3}.Release|iPhone.Build.0 = Release|x86
		{8FE32293-37CD-429D-8A2F-6A9631034BF3}.Release|iPhone.Deploy.0 = Release|x86
		{8FE32293-37CD-429D-8A2F-6A9631034BF3}.Release|iPhoneSimulator.ActiveCfg = Release|x86
		{8FE32293-37CD-429D-8A2F-6A9631034BF3}.Release|iPhoneSimulator.Build.0 = Release|x86
		{8FE32293-37CD-429D-8A2F-6A9631034BF3}.Release|iPhoneSimulator.Deploy.0 = Release|x86
		{8FE32293-37CD-429D-8A2F-6A9631034BF3}.Release|x64.ActiveCfg = Release|x64
		{8FE32293-37CD-429D-8A2F-6A9631034BF3}.Release|x64.Build.0 = Release|x64
		{8FE32293-37CD-429D-8A2F-6A9631034BF3}.Release|x64.Deploy.0 = Release|x64
		{8FE32293-37CD-429D-8A2F-6A9631034BF3}.Release|x86.ActiveCfg = Release|x86
		{8FE32293-37CD-429D-8A2F-6A9631034BF3}.Release|x86.Build.0 = Release|x86
		{8FE32293-37CD-429D-8A2F-6A9631034BF3}.Release|x86.Deploy.0 = Release|x86
		{B133901B-A252-4FA7-9D1D-7C009BD130A1}.Ad-Hoc|Any CPU.ActiveCfg = Debug|Any CPU
		{B133901B-A252-4FA7-9D1D-7C009BD130A1}.Ad-Hoc|Any CPU.Build.0 = Debug|Any CPU
		{B133901B-A252-4FA7-9D1D-7C009BD130A1}.Ad-Hoc|Any CPU.Deploy.0 = Debug|Any CPU
		{B133901B-A252-4FA7-9D1D-7C009BD130A1}.Ad-Hoc|ARM.ActiveCfg = Debug|Any CPU
		{B133901B-A252-4FA7-9D1D-7C009BD130A1}.Ad-Hoc|ARM.Build.0 = Debug|Any CPU
		{B133901B-A252-4FA7-9D1D-7C009BD130A1}.Ad-Hoc|ARM.Deploy.0 = Debug|Any CPU
		{B133901B-A252-4FA7-9D1D-7C009BD130A1}.Ad-Hoc|iPhone.ActiveCfg = Debug|Any CPU
		{B133901B-A252-4FA7-9D1D-7C009BD130A1}.Ad-Hoc|iPhone.Build.0 = Debug|Any CPU
		{B133901B-A252-4FA7-9D1D-7C009BD130A1}.Ad-Hoc|iPhone.Deploy.0 = Debug|Any CPU
		{B133901B-A252-4FA7-9D1D-7C009BD130A1}.Ad-Hoc|iPhoneSimulator.ActiveCfg = Debug|Any CPU
		{B133901B-A252-4FA7-9D1D-7C009BD130A1}.Ad-Hoc|iPhoneSimulator.Build.0 = Debug|Any CPU
		{B133901B-A252-4FA7-9D1D-7C009BD130A1}.Ad-Hoc|iPhoneSimulator.Deploy.0 = Debug|Any CPU
		{B133901B-A252-4FA7-9D1D-7C009BD130A1}.Ad-Hoc|x64.ActiveCfg = Debug|Any CPU
		{B133901B-A252-4FA7-9D1D-7C009BD130A1}.Ad-Hoc|x64.Build.0 = Debug|Any CPU
		{B133901B-A252-4FA7-9D1D-7C009BD130A1}.Ad-Hoc|x64.Deploy.0 = Debug|Any CPU
		{B133901B-A252-4FA7-9D1D-7C009BD130A1}.Ad-Hoc|x86.ActiveCfg = Debug|Any CPU
		{B133901B-A252-4FA7-9D1D-7C009BD130A1}.Ad-Hoc|x86.Build.0 = Debug|Any CPU
		{B133901B-A252-4FA7-9D1D-7C009BD130A1}.Ad-Hoc|x86.Deploy.0 = Debug|Any CPU
		{B133901B-A252-4FA7-9D1D-7C009BD130A1}.AppStore|Any CPU.ActiveCfg = Debug|Any CPU
		{B133901B-A252-4FA7-9D1D-7C009BD130A1}.AppStore|Any CPU.Build.0 = Debug|Any CPU
		{B133901B-A252-4FA7-9D1D-7C009BD130A1}.AppStore|Any CPU.Deploy.0 = Debug|Any CPU
		{B133901B-A252-4FA7-9D1D-7C009BD130A1}.AppStore|ARM.ActiveCfg = Debug|Any CPU
		{B133901B-A252-4FA7-9D1D-7C009BD130A1}.AppStore|ARM.Build.0 = Debug|Any CPU
		{B133901B-A252-4FA7-9D1D-7C009BD130A1}.AppStore|ARM.Deploy.0 = Debug|Any CPU
		{B133901B-A252-4FA7-9D1D-7C009BD130A1}.AppStore|iPhone.ActiveCfg = Debug|Any CPU
		{B133901B-A252-4FA7-9D1D-7C009BD130A1}.AppStore|iPhone.Build.0 = Debug|Any CPU
		{B133901B-A252-4FA7-9D1D-7C009BD130A1}.AppStore|iPhone.Deploy.0 = Debug|Any CPU
		{B133901B-A252-4FA7-9D1D-7C009BD130A1}.AppStore|iPhoneSimulator.ActiveCfg = Debug|Any CPU
		{B133901B-A252-4FA7-9D1D-7C009BD130A1}.AppStore|iPhoneSimulator.Build.0 = Debug|Any CPU
		{B133901B-A252-4FA7-9D1D-7C009BD130A1}.AppStore|iPhoneSimulator.Deploy.0 = Debug|Any CPU
		{B133901B-A252-4FA7-9D1D-7C009BD130A1}.AppStore|x64.ActiveCfg = Debug|Any CPU
		{B133901B-A252-4FA7-9D1D-7C009BD130A1}.AppStore|x64.Build.0 = Debug|Any CPU
		{B133901B-A252-4FA7-9D1D-7C009BD130A1}.AppStore|x64.Deploy.0 = Debug|Any CPU
		{B133901B-A252-4FA7-9D1D-7C009BD130A1}.AppStore|x86.ActiveCfg = Debug|Any CPU
		{B133901B-A252-4FA7-9D1D-7C009BD130A1}.AppStore|x86.Build.0 = Debug|Any CPU
		{B133901B-A252-4FA7-9D1D-7C009BD130A1}.AppStore|x86.Deploy.0 = Debug|Any CPU
		{B133901B-A252-4FA7-9D1D-7C009BD130A1}.Debug|Any CPU.ActiveCfg = Debug|Any CPU
		{B133901B-A252-4FA7-9D1D-7C009BD130A1}.Debug|Any CPU.Build.0 = Debug|Any CPU
		{B133901B-A252-4FA7-9D1D-7C009BD130A1}.Debug|Any CPU.Deploy.0 = Debug|Any CPU
		{B133901B-A252-4FA7-9D1D-7C009BD130A1}.Debug|ARM.ActiveCfg = Debug|Any CPU
		{B133901B-A252-4FA7-9D1D-7C009BD130A1}.Debug|ARM.Build.0 = Debug|Any CPU
		{B133901B-A252-4FA7-9D1D-7C009BD130A1}.Debug|ARM.Deploy.0 = Debug|Any CPU
		{B133901B-A252-4FA7-9D1D-7C009BD130A1}.Debug|iPhone.ActiveCfg = Debug|Any CPU
		{B133901B-A252-4FA7-9D1D-7C009BD130A1}.Debug|iPhone.Build.0 = Debug|Any CPU
		{B133901B-A252-4FA7-9D1D-7C009BD130A1}.Debug|iPhone.Deploy.0 = Debug|Any CPU
		{B133901B-A252-4FA7-9D1D-7C009BD130A1}.Debug|iPhoneSimulator.ActiveCfg = Debug|Any CPU
		{B133901B-A252-4FA7-9D1D-7C009BD130A1}.Debug|iPhoneSimulator.Build.0 = Debug|Any CPU
		{B133901B-A252-4FA7-9D1D-7C009BD130A1}.Debug|iPhoneSimulator.Deploy.0 = Debug|Any CPU
		{B133901B-A252-4FA7-9D1D-7C009BD130A1}.Debug|x64.ActiveCfg = Debug|Any CPU
		{B133901B-A252-4FA7-9D1D-7C009BD130A1}.Debug|x64.Build.0 = Debug|Any CPU
		{B133901B-A252-4FA7-9D1D-7C009BD130A1}.Debug|x64.Deploy.0 = Debug|Any CPU
		{B133901B-A252-4FA7-9D1D-7C009BD130A1}.Debug|x86.ActiveCfg = Debug|Any CPU
		{B133901B-A252-4FA7-9D1D-7C009BD130A1}.Debug|x86.Build.0 = Debug|Any CPU
		{B133901B-A252-4FA7-9D1D-7C009BD130A1}.Debug|x86.Deploy.0 = Debug|Any CPU
		{B133901B-A252-4FA7-9D1D-7C009BD130A1}.Release|Any CPU.ActiveCfg = Release|Any CPU
		{B133901B-A252-4FA7-9D1D-7C009BD130A1}.Release|Any CPU.Build.0 = Release|Any CPU
		{B133901B-A252-4FA7-9D1D-7C009BD130A1}.Release|Any CPU.Deploy.0 = Release|Any CPU
		{B133901B-A252-4FA7-9D1D-7C009BD130A1}.Release|ARM.ActiveCfg = Release|Any CPU
		{B133901B-A252-4FA7-9D1D-7C009BD130A1}.Release|ARM.Build.0 = Release|Any CPU
		{B133901B-A252-4FA7-9D1D-7C009BD130A1}.Release|ARM.Deploy.0 = Release|Any CPU
		{B133901B-A252-4FA7-9D1D-7C009BD130A1}.Release|iPhone.ActiveCfg = Release|Any CPU
		{B133901B-A252-4FA7-9D1D-7C009BD130A1}.Release|iPhone.Build.0 = Release|Any CPU
		{B133901B-A252-4FA7-9D1D-7C009BD130A1}.Release|iPhone.Deploy.0 = Release|Any CPU
		{B133901B-A252-4FA7-9D1D-7C009BD130A1}.Release|iPhoneSimulator.ActiveCfg = Release|Any CPU
		{B133901B-A252-4FA7-9D1D-7C009BD130A1}.Release|iPhoneSimulator.Build.0 = Release|Any CPU
		{B133901B-A252-4FA7-9D1D-7C009BD130A1}.Release|iPhoneSimulator.Deploy.0 = Release|Any CPU
		{B133901B-A252-4FA7-9D1D-7C009BD130A1}.Release|x64.ActiveCfg = Release|Any CPU
		{B133901B-A252-4FA7-9D1D-7C009BD130A1}.Release|x64.Build.0 = Release|Any CPU
		{B133901B-A252-4FA7-9D1D-7C009BD130A1}.Release|x64.Deploy.0 = Release|Any CPU
		{B133901B-A252-4FA7-9D1D-7C009BD130A1}.Release|x86.ActiveCfg = Release|Any CPU
		{B133901B-A252-4FA7-9D1D-7C009BD130A1}.Release|x86.Build.0 = Release|Any CPU
		{B133901B-A252-4FA7-9D1D-7C009BD130A1}.Release|x86.Deploy.0 = Release|Any CPU
	EndGlobalSection
	GlobalSection(SolutionProperties) = preSolution
		HideSolutionNode = FALSE
	EndGlobalSection
	GlobalSection(ExtensibilityGlobals) = postSolution
		SolutionGuid = {E6252EC7-2782-4EB5-BE70-7D9C863B5A31}
	EndGlobalSection
EndGlobal
