
Microsoft Visual Studio Solution File, Format Version 12.00
# Visual Studio 15
VisualStudioVersion = 15.0.28307.421
MinimumVisualStudioVersion = 10.0.40219.1
Project("{FAE04EC0-301F-11D3-BF4B-00C04F79EFBC}") = "Calculadora.Android", "Calculadora\Calculadora.Android\Calculadora.Android.csproj", "{DB0E5853-6482-4152-AB58-039B855A49C9}"
EndProject
Project("{FAE04EC0-301F-11D3-BF4B-00C04F79EFBC}") = "Calculadora.iOS", "Calculadora\Calculadora.iOS\Calculadora.iOS.csproj", "{874DBB09-7F3E-49B7-9E02-1479CAE3708F}"
EndProject
Project("{FAE04EC0-301F-11D3-BF4B-00C04F79EFBC}") = "Calculadora.UWP", "Calculadora\Calculadora.UWP\Calculadora.UWP.csproj", "{20D37654-463C-493C-A18E-B286DC14CF6D}"
EndProject
Project("{FAE04EC0-301F-11D3-BF4B-00C04F79EFBC}") = "Calculadora", "Calculadora\Calculadora\Calculadora.csproj", "{75958704-A987-4AA9-9F6B-D15DD33E0D9F}"
EndProject
Global
	GlobalSection(SolutionConfigurationPlatforms) = preSolution
		Ad-Hoc|Any CPU = Ad-Hoc|Any CPU
		Ad-Hoc|ARM = Ad-Hoc|ARM
		Ad-Hoc|iPhone = Ad-Hoc|iPhone
		Ad-Hoc|iPhoneSimulator = Ad-Hoc|iPhoneSimulator
		Ad-Hoc|x64 = Ad-Hoc|x64
		Ad-Hoc|x86 = Ad-Hoc|x86
		AppStore|Any CPU = AppStore|Any CPU
		AppStore|ARM = AppStore|ARM
		AppStore|iPhone = AppStore|iPhone
		AppStore|iPhoneSimulator = AppStore|iPhoneSimulator
		AppStore|x64 = AppStore|x64
		AppStore|x86 = AppStore|x86
		Debug|Any CPU = Debug|Any CPU
		Debug|ARM = Debug|ARM
		Debug|iPhone = Debug|iPhone
		Debug|iPhoneSimulator = Debug|iPhoneSimulator
		Debug|x64 = Debug|x64
		Debug|x86 = Debug|x86
		Release|Any CPU = Release|Any CPU
		Release|ARM = Release|ARM
		Release|iPhone = Release|iPhone
		Release|iPhoneSimulator = Release|iPhoneSimulator
		Release|x64 = Release|x64
		Release|x86 = Release|x86
	EndGlobalSection
	GlobalSection(ProjectConfigurationPlatforms) = postSolution
		{DB0E5853-6482-4152-AB58-039B855A49C9}.Ad-Hoc|Any CPU.ActiveCfg = Release|Any CPU
		{DB0E5853-6482-4152-AB58-039B855A49C9}.Ad-Hoc|Any CPU.Build.0 = Release|Any CPU
		{DB0E5853-6482-4152-AB58-039B855A49C9}.Ad-Hoc|Any CPU.Deploy.0 = Release|Any CPU
		{DB0E5853-6482-4152-AB58-039B855A49C9}.Ad-Hoc|ARM.ActiveCfg = Release|Any CPU
		{DB0E5853-6482-4152-AB58-039B855A49C9}.Ad-Hoc|ARM.Build.0 = Release|Any CPU
		{DB0E5853-6482-4152-AB58-039B855A49C9}.Ad-Hoc|ARM.Deploy.0 = Release|Any CPU
		{DB0E5853-6482-4152-AB58-039B855A49C9}.Ad-Hoc|iPhone.ActiveCfg = Release|Any CPU
		{DB0E5853-6482-4152-AB58-039B855A49C9}.Ad-Hoc|iPhone.Build.0 = Release|Any CPU
		{DB0E5853-6482-4152-AB58-039B855A49C9}.Ad-Hoc|iPhone.Deploy.0 = Release|Any CPU
		{DB0E5853-6482-4152-AB58-039B855A49C9}.Ad-Hoc|iPhoneSimulator.ActiveCfg = Release|Any CPU
		{DB0E5853-6482-4152-AB58-039B855A49C9}.Ad-Hoc|iPhoneSimulator.Build.0 = Release|Any CPU
		{DB0E5853-6482-4152-AB58-039B855A49C9}.Ad-Hoc|iPhoneSimulator.Deploy.0 = Release|Any CPU
		{DB0E5853-6482-4152-AB58-039B855A49C9}.Ad-Hoc|x64.ActiveCfg = Release|Any CPU
		{DB0E5853-6482-4152-AB58-039B855A49C9}.Ad-Hoc|x64.Build.0 = Release|Any CPU
		{DB0E5853-6482-4152-AB58-039B855A49C9}.Ad-Hoc|x64.Deploy.0 = Release|Any CPU
		{DB0E5853-6482-4152-AB58-039B855A49C9}.Ad-Hoc|x86.ActiveCfg = Release|Any CPU
		{DB0E5853-6482-4152-AB58-039B855A49C9}.Ad-Hoc|x86.Build.0 = Release|Any CPU
		{DB0E5853-6482-4152-AB58-039B855A49C9}.Ad-Hoc|x86.Deploy.0 = Release|Any CPU
		{DB0E5853-6482-4152-AB58-039B855A49C9}.AppStore|Any CPU.ActiveCfg = Release|Any CPU
		{DB0E5853-6482-4152-AB58-039B855A49C9}.AppStore|Any CPU.Build.0 = Release|Any CPU
		{DB0E5853-6482-4152-AB58-039B855A49C9}.AppStore|Any CPU.Deploy.0 = Release|Any CPU
		{DB0E5853-6482-4152-AB58-039B855A49C9}.AppStore|ARM.ActiveCfg = Release|Any CPU
		{DB0E5853-6482-4152-AB58-039B855A49C9}.AppStore|ARM.Build.0 = Release|Any CPU
		{DB0E5853-6482-4152-AB58-039B855A49C9}.AppStore|ARM.Deploy.0 = Release|Any CPU
		{DB0E5853-6482-4152-AB58-039B855A49C9}.AppStore|iPhone.ActiveCfg = Release|Any CPU
		{DB0E5853-6482-4152-AB58-039B855A49C9}.AppStore|iPhone.Build.0 = Release|Any CPU
		{DB0E5853-6482-4152-AB58-039B855A49C9}.AppStore|iPhone.Deploy.0 = Release|Any CPU
		{DB0E5853-6482-4152-AB58-039B855A49C9}.AppStore|iPhoneSimulator.ActiveCfg = Release|Any CPU
		{DB0E5853-6482-4152-AB58-039B855A49C9}.AppStore|iPhoneSimulator.Build.0 = Release|Any CPU
		{DB0E5853-6482-4152-AB58-039B855A49C9}.AppStore|iPhoneSimulator.Deploy.0 = Release|Any CPU
		{DB0E5853-6482-4152-AB58-039B855A49C9}.AppStore|x64.ActiveCfg = Release|Any CPU
		{DB0E5853-6482-4152-AB58-039B855A49C9}.AppStore|x64.Build.0 = Release|Any CPU
		{DB0E5853-6482-4152-AB58-039B855A49C9}.AppStore|x64.Deploy.0 = Release|Any CPU
		{DB0E5853-6482-4152-AB58-039B855A49C9}.AppStore|x86.ActiveCfg = Release|Any CPU
		{DB0E5853-6482-4152-AB58-039B855A49C9}.AppStore|x86.Build.0 = Release|Any CPU
		{DB0E5853-6482-4152-AB58-039B855A49C9}.AppStore|x86.Deploy.0 = Release|Any CPU
		{DB0E5853-6482-4152-AB58-039B855A49C9}.Debug|Any CPU.ActiveCfg = Debug|Any CPU
		{DB0E5853-6482-4152-AB58-039B855A49C9}.Debug|Any CPU.Build.0 = Debug|Any CPU
		{DB0E5853-6482-4152-AB58-039B855A49C9}.Debug|Any CPU.Deploy.0 = Debug|Any CPU
		{DB0E5853-6482-4152-AB58-039B855A49C9}.Debug|ARM.ActiveCfg = Debug|Any CPU
		{DB0E5853-6482-4152-AB58-039B855A49C9}.Debug|ARM.Build.0 = Debug|Any CPU
		{DB0E5853-6482-4152-AB58-039B855A49C9}.Debug|ARM.Deploy.0 = Debug|Any CPU
		{DB0E5853-6482-4152-AB58-039B855A49C9}.Debug|iPhone.ActiveCfg = Debug|Any CPU
		{DB0E5853-6482-4152-AB58-039B855A49C9}.Debug|iPhone.Build.0 = Debug|Any CPU
		{DB0E5853-6482-4152-AB58-039B855A49C9}.Debug|iPhone.Deploy.0 = Debug|Any CPU
		{DB0E5853-6482-4152-AB58-039B855A49C9}.Debug|iPhoneSimulator.ActiveCfg = Debug|Any CPU
		{DB0E5853-6482-4152-AB58-039B855A49C9}.Debug|iPhoneSimulator.Build.0 = Debug|Any CPU
		{DB0E5853-6482-4152-AB58-039B855A49C9}.Debug|iPhoneSimulator.Deploy.0 = Debug|Any CPU
		{DB0E5853-6482-4152-AB58-039B855A49C9}.Debug|x64.ActiveCfg = Debug|Any CPU
		{DB0E5853-6482-4152-AB58-039B855A49C9}.Debug|x64.Build.0 = Debug|Any CPU
		{DB0E5853-6482-4152-AB58-039B855A49C9}.Debug|x64.Deploy.0 = Debug|Any CPU
		{DB0E5853-6482-4152-AB58-039B855A49C9}.Debug|x86.ActiveCfg = Debug|Any CPU
		{DB0E5853-6482-4152-AB58-039B855A49C9}.Debug|x86.Build.0 = Debug|Any CPU
		{DB0E5853-6482-4152-AB58-039B855A49C9}.Debug|x86.Deploy.0 = Debug|Any CPU
		{DB0E5853-6482-4152-AB58-039B855A49C9}.Release|Any CPU.ActiveCfg = Release|Any CPU
		{DB0E5853-6482-4152-AB58-039B855A49C9}.Release|Any CPU.Build.0 = Release|Any CPU
		{DB0E5853-6482-4152-AB58-039B855A49C9}.Release|Any CPU.Deploy.0 = Release|Any CPU
		{DB0E5853-6482-4152-AB58-039B855A49C9}.Release|ARM.ActiveCfg = Release|Any CPU
		{DB0E5853-6482-4152-AB58-039B855A49C9}.Release|ARM.Build.0 = Release|Any CPU
		{DB0E5853-6482-4152-AB58-039B855A49C9}.Release|ARM.Deploy.0 = Release|Any CPU
		{DB0E5853-6482-4152-AB58-039B855A49C9}.Release|iPhone.ActiveCfg = Release|Any CPU
		{DB0E5853-6482-4152-AB58-039B855A49C9}.Release|iPhone.Build.0 = Release|Any CPU
		{DB0E5853-6482-4152-AB58-039B855A49C9}.Release|iPhone.Deploy.0 = Release|Any CPU
		{DB0E5853-6482-4152-AB58-039B855A49C9}.Release|iPhoneSimulator.ActiveCfg = Release|Any CPU
		{DB0E5853-6482-4152-AB58-039B855A49C9}.Release|iPhoneSimulator.Build.0 = Release|Any CPU
		{DB0E5853-6482-4152-AB58-039B855A49C9}.Release|iPhoneSimulator.Deploy.0 = Release|Any CPU
		{DB0E5853-6482-4152-AB58-039B855A49C9}.Release|x64.ActiveCfg = Release|Any CPU
		{DB0E5853-6482-4152-AB58-039B855A49C9}.Release|x64.Build.0 = Release|Any CPU
		{DB0E5853-6482-4152-AB58-039B855A49C9}.Release|x64.Deploy.0 = Release|Any CPU
		{DB0E5853-6482-4152-AB58-039B855A49C9}.Release|x86.ActiveCfg = Release|Any CPU
		{DB0E5853-6482-4152-AB58-039B855A49C9}.Release|x86.Build.0 = Release|Any CPU
		{DB0E5853-6482-4152-AB58-039B855A49C9}.Release|x86.Deploy.0 = Release|Any CPU
		{874DBB09-7F3E-49B7-9E02-1479CAE3708F}.Ad-Hoc|Any CPU.ActiveCfg = Ad-Hoc|iPhone
		{874DBB09-7F3E-49B7-9E02-1479CAE3708F}.Ad-Hoc|Any CPU.Build.0 = Ad-Hoc|iPhone
		{874DBB09-7F3E-49B7-9E02-1479CAE3708F}.Ad-Hoc|Any CPU.Deploy.0 = Ad-Hoc|iPhone
		{874DBB09-7F3E-49B7-9E02-1479CAE3708F}.Ad-Hoc|ARM.ActiveCfg = Ad-Hoc|iPhone
		{874DBB09-7F3E-49B7-9E02-1479CAE3708F}.Ad-Hoc|ARM.Build.0 = Ad-Hoc|iPhone
		{874DBB09-7F3E-49B7-9E02-1479CAE3708F}.Ad-Hoc|ARM.Deploy.0 = Ad-Hoc|iPhone
		{874DBB09-7F3E-49B7-9E02-1479CAE3708F}.Ad-Hoc|iPhone.ActiveCfg = Ad-Hoc|iPhone
		{874DBB09-7F3E-49B7-9E02-1479CAE3708F}.Ad-Hoc|iPhone.Build.0 = Ad-Hoc|iPhone
		{874DBB09-7F3E-49B7-9E02-1479CAE3708F}.Ad-Hoc|iPhone.Deploy.0 = Ad-Hoc|iPhone
		{874DBB09-7F3E-49B7-9E02-1479CAE3708F}.Ad-Hoc|iPhoneSimulator.ActiveCfg = Ad-Hoc|iPhoneSimulator
		{874DBB09-7F3E-49B7-9E02-1479CAE3708F}.Ad-Hoc|iPhoneSimulator.Build.0 = Ad-Hoc|iPhoneSimulator
		{874DBB09-7F3E-49B7-9E02-1479CAE3708F}.Ad-Hoc|iPhoneSimulator.Deploy.0 = Ad-Hoc|iPhoneSimulator
		{874DBB09-7F3E-49B7-9E02-1479CAE3708F}.Ad-Hoc|x64.ActiveCfg = Ad-Hoc|iPhone
		{874DBB09-7F3E-49B7-9E02-1479CAE3708F}.Ad-Hoc|x64.Build.0 = Ad-Hoc|iPhone
		{874DBB09-7F3E-49B7-9E02-1479CAE3708F}.Ad-Hoc|x64.Deploy.0 = Ad-Hoc|iPhone
		{874DBB09-7F3E-49B7-9E02-1479CAE3708F}.Ad-Hoc|x86.ActiveCfg = Ad-Hoc|iPhone
		{874DBB09-7F3E-49B7-9E02-1479CAE3708F}.Ad-Hoc|x86.Build.0 = Ad-Hoc|iPhone
		{874DBB09-7F3E-49B7-9E02-1479CAE3708F}.Ad-Hoc|x86.Deploy.0 = Ad-Hoc|iPhone
		{874DBB09-7F3E-49B7-9E02-1479CAE3708F}.AppStore|Any CPU.ActiveCfg = AppStore|iPhone
		{874DBB09-7F3E-49B7-9E02-1479CAE3708F}.AppStore|Any CPU.Build.0 = AppStore|iPhone
		{874DBB09-7F3E-49B7-9E02-1479CAE3708F}.AppStore|Any CPU.Deploy.0 = AppStore|iPhone
		{874DBB09-7F3E-49B7-9E02-1479CAE3708F}.AppStore|ARM.ActiveCfg = AppStore|iPhone
		{874DBB09-7F3E-49B7-9E02-1479CAE3708F}.AppStore|ARM.Build.0 = AppStore|iPhone
		{874DBB09-7F3E-49B7-9E02-1479CAE3708F}.AppStore|ARM.Deploy.0 = AppStore|iPhone
		{874DBB09-7F3E-49B7-9E02-1479CAE3708F}.AppStore|iPhone.ActiveCfg = AppStore|iPhone
		{874DBB09-7F3E-49B7-9E02-1479CAE3708F}.AppStore|iPhone.Build.0 = AppStore|iPhone
		{874DBB09-7F3E-49B7-9E02-1479CAE3708F}.AppStore|iPhone.Deploy.0 = AppStore|iPhone
		{874DBB09-7F3E-49B7-9E02-1479CAE3708F}.AppStore|iPhoneSimulator.ActiveCfg = AppStore|iPhoneSimulator
		{874DBB09-7F3E-49B7-9E02-1479CAE3708F}.AppStore|iPhoneSimulator.Build.0 = AppStore|iPhoneSimulator
		{874DBB09-7F3E-49B7-9E02-1479CAE3708F}.AppStore|iPhoneSimulator.Deploy.0 = AppStore|iPhoneSimulator
		{874DBB09-7F3E-49B7-9E02-1479CAE3708F}.AppStore|x64.ActiveCfg = AppStore|iPhone
		{874DBB09-7F3E-49B7-9E02-1479CAE3708F}.AppStore|x64.Build.0 = AppStore|iPhone
		{874DBB09-7F3E-49B7-9E02-1479CAE3708F}.AppStore|x64.Deploy.0 = AppStore|iPhone
		{874DBB09-7F3E-49B7-9E02-1479CAE3708F}.AppStore|x86.ActiveCfg = AppStore|iPhone
		{874DBB09-7F3E-49B7-9E02-1479CAE3708F}.AppStore|x86.Build.0 = AppStore|iPhone
		{874DBB09-7F3E-49B7-9E02-1479CAE3708F}.AppStore|x86.Deploy.0 = AppStore|iPhone
		{874DBB09-7F3E-49B7-9E02-1479CAE3708F}.Debug|Any CPU.ActiveCfg = Debug|iPhoneSimulator
		{874DBB09-7F3E-49B7-9E02-1479CAE3708F}.Debug|Any CPU.Build.0 = Debug|iPhoneSimulator
		{874DBB09-7F3E-49B7-9E02-1479CAE3708F}.Debug|Any CPU.Deploy.0 = Debug|iPhoneSimulator
		{874DBB09-7F3E-49B7-9E02-1479CAE3708F}.Debug|ARM.ActiveCfg = Debug|iPhone
		{874DBB09-7F3E-49B7-9E02-1479CAE3708F}.Debug|ARM.Build.0 = Debug|iPhone
		{874DBB09-7F3E-49B7-9E02-1479CAE3708F}.Debug|ARM.Deploy.0 = Debug|iPhone
		{874DBB09-7F3E-49B7-9E02-1479CAE3708F}.Debug|iPhone.ActiveCfg = Debug|iPhone
		{874DBB09-7F3E-49B7-9E02-1479CAE3708F}.Debug|iPhone.Build.0 = Debug|iPhone
		{874DBB09-7F3E-49B7-9E02-1479CAE3708F}.Debug|iPhone.Deploy.0 = Debug|iPhone
		{874DBB09-7F3E-49B7-9E02-1479CAE3708F}.Debug|iPhoneSimulator.ActiveCfg = Debug|iPhoneSimulator
		{874DBB09-7F3E-49B7-9E02-1479CAE3708F}.Debug|iPhoneSimulator.Build.0 = Debug|iPhoneSimulator
		{874DBB09-7F3E-49B7-9E02-1479CAE3708F}.Debug|iPhoneSimulator.Deploy.0 = Debug|iPhoneSimulator
		{874DBB09-7F3E-49B7-9E02-1479CAE3708F}.Debug|x64.ActiveCfg = Debug|iPhone
		{874DBB09-7F3E-49B7-9E02-1479CAE3708F}.Debug|x64.Build.0 = Debug|iPhone
		{874DBB09-7F3E-49B7-9E02-1479CAE3708F}.Debug|x64.Deploy.0 = Debug|iPhone
		{874DBB09-7F3E-49B7-9E02-1479CAE3708F}.Debug|x86.ActiveCfg = Debug|iPhone
		{874DBB09-7F3E-49B7-9E02-1479CAE3708F}.Debug|x86.Build.0 = Debug|iPhone
		{874DBB09-7F3E-49B7-9E02-1479CAE3708F}.Debug|x86.Deploy.0 = Debug|iPhone
		{874DBB09-7F3E-49B7-9E02-1479CAE3708F}.Release|Any CPU.ActiveCfg = Release|iPhone
		{874DBB09-7F3E-49B7-9E02-1479CAE3708F}.Release|Any CPU.Build.0 = Release|iPhone
		{874DBB09-7F3E-49B7-9E02-1479CAE3708F}.Release|Any CPU.Deploy.0 = Release|iPhone
		{874DBB09-7F3E-49B7-9E02-1479CAE3708F}.Release|ARM.ActiveCfg = Release|iPhone
		{874DBB09-7F3E-49B7-9E02-1479CAE3708F}.Release|ARM.Build.0 = Release|iPhone
		{874DBB09-7F3E-49B7-9E02-1479CAE3708F}.Release|ARM.Deploy.0 = Release|iPhone
		{874DBB09-7F3E-49B7-9E02-1479CAE3708F}.Release|iPhone.ActiveCfg = Release|iPhone
		{874DBB09-7F3E-49B7-9E02-1479CAE3708F}.Release|iPhone.Build.0 = Release|iPhone
		{874DBB09-7F3E-49B7-9E02-1479CAE3708F}.Release|iPhone.Deploy.0 = Release|iPhone
		{874DBB09-7F3E-49B7-9E02-1479CAE3708F}.Release|iPhoneSimulator.ActiveCfg = Release|iPhoneSimulator
		{874DBB09-7F3E-49B7-9E02-1479CAE3708F}.Release|iPhoneSimulator.Build.0 = Release|iPhoneSimulator
		{874DBB09-7F3E-49B7-9E02-1479CAE3708F}.Release|iPhoneSimulator.Deploy.0 = Release|iPhoneSimulator
		{874DBB09-7F3E-49B7-9E02-1479CAE3708F}.Release|x64.ActiveCfg = Release|iPhone
		{874DBB09-7F3E-49B7-9E02-1479CAE3708F}.Release|x64.Build.0 = Release|iPhone
		{874DBB09-7F3E-49B7-9E02-1479CAE3708F}.Release|x64.Deploy.0 = Release|iPhone
		{874DBB09-7F3E-49B7-9E02-1479CAE3708F}.Release|x86.ActiveCfg = Release|iPhone
		{874DBB09-7F3E-49B7-9E02-1479CAE3708F}.Release|x86.Build.0 = Release|iPhone
		{874DBB09-7F3E-49B7-9E02-1479CAE3708F}.Release|x86.Deploy.0 = Release|iPhone
		{20D37654-463C-493C-A18E-B286DC14CF6D}.Ad-Hoc|Any CPU.ActiveCfg = Release|x86
		{20D37654-463C-493C-A18E-B286DC14CF6D}.Ad-Hoc|Any CPU.Build.0 = Release|x86
		{20D37654-463C-493C-A18E-B286DC14CF6D}.Ad-Hoc|Any CPU.Deploy.0 = Release|x86
		{20D37654-463C-493C-A18E-B286DC14CF6D}.Ad-Hoc|ARM.ActiveCfg = Release|ARM
		{20D37654-463C-493C-A18E-B286DC14CF6D}.Ad-Hoc|ARM.Build.0 = Release|ARM
		{20D37654-463C-493C-A18E-B286DC14CF6D}.Ad-Hoc|ARM.Deploy.0 = Release|ARM
		{20D37654-463C-493C-A18E-B286DC14CF6D}.Ad-Hoc|iPhone.ActiveCfg = Release|x86
		{20D37654-463C-493C-A18E-B286DC14CF6D}.Ad-Hoc|iPhone.Build.0 = Release|x86
		{20D37654-463C-493C-A18E-B286DC14CF6D}.Ad-Hoc|iPhone.Deploy.0 = Release|x86
		{20D37654-463C-493C-A18E-B286DC14CF6D}.Ad-Hoc|iPhoneSimulator.ActiveCfg = Release|x86
		{20D37654-463C-493C-A18E-B286DC14CF6D}.Ad-Hoc|iPhoneSimulator.Build.0 = Release|x86
		{20D37654-463C-493C-A18E-B286DC14CF6D}.Ad-Hoc|iPhoneSimulator.Deploy.0 = Release|x86
		{20D37654-463C-493C-A18E-B286DC14CF6D}.Ad-Hoc|x64.ActiveCfg = Release|x64
		{20D37654-463C-493C-A18E-B286DC14CF6D}.Ad-Hoc|x64.Build.0 = Release|x64
		{20D37654-463C-493C-A18E-B286DC14CF6D}.Ad-Hoc|x64.Deploy.0 = Release|x64
		{20D37654-463C-493C-A18E-B286DC14CF6D}.Ad-Hoc|x86.ActiveCfg = Release|x86
		{20D37654-463C-493C-A18E-B286DC14CF6D}.Ad-Hoc|x86.Build.0 = Release|x86
		{20D37654-463C-493C-A18E-B286DC14CF6D}.Ad-Hoc|x86.Deploy.0 = Release|x86
		{20D37654-463C-493C-A18E-B286DC14CF6D}.AppStore|Any CPU.ActiveCfg = Release|x86
		{20D37654-463C-493C-A18E-B286DC14CF6D}.AppStore|Any CPU.Build.0 = Release|x86
		{20D37654-463C-493C-A18E-B286DC14CF6D}.AppStore|Any CPU.Deploy.0 = Release|x86
		{20D37654-463C-493C-A18E-B286DC14CF6D}.AppStore|ARM.ActiveCfg = Release|ARM
		{20D37654-463C-493C-A18E-B286DC14CF6D}.AppStore|ARM.Build.0 = Release|ARM
		{20D37654-463C-493C-A18E-B286DC14CF6D}.AppStore|ARM.Deploy.0 = Release|ARM
		{20D37654-463C-493C-A18E-B286DC14CF6D}.AppStore|iPhone.ActiveCfg = Release|x86
		{20D37654-463C-493C-A18E-B286DC14CF6D}.AppStore|iPhone.Build.0 = Release|x86
		{20D37654-463C-493C-A18E-B286DC14CF6D}.AppStore|iPhone.Deploy.0 = Release|x86
		{20D37654-463C-493C-A18E-B286DC14CF6D}.AppStore|iPhoneSimulator.ActiveCfg = Release|x86
		{20D37654-463C-493C-A18E-B286DC14CF6D}.AppStore|iPhoneSimulator.Build.0 = Release|x86
		{20D37654-463C-493C-A18E-B286DC14CF6D}.AppStore|iPhoneSimulator.Deploy.0 = Release|x86
		{20D37654-463C-493C-A18E-B286DC14CF6D}.AppStore|x64.ActiveCfg = Release|x64
		{20D37654-463C-493C-A18E-B286DC14CF6D}.AppStore|x64.Build.0 = Release|x64
		{20D37654-463C-493C-A18E-B286DC14CF6D}.AppStore|x64.Deploy.0 = Release|x64
		{20D37654-463C-493C-A18E-B286DC14CF6D}.AppStore|x86.ActiveCfg = Release|x86
		{20D37654-463C-493C-A18E-B286DC14CF6D}.AppStore|x86.Build.0 = Release|x86
		{20D37654-463C-493C-A18E-B286DC14CF6D}.AppStore|x86.Deploy.0 = Release|x86
		{20D37654-463C-493C-A18E-B286DC14CF6D}.Debug|Any CPU.ActiveCfg = Debug|x86
		{20D37654-463C-493C-A18E-B286DC14CF6D}.Debug|Any CPU.Build.0 = Debug|x86
		{20D37654-463C-493C-A18E-B286DC14CF6D}.Debug|Any CPU.Deploy.0 = Debug|x86
		{20D37654-463C-493C-A18E-B286DC14CF6D}.Debug|ARM.ActiveCfg = Debug|ARM
		{20D37654-463C-493C-A18E-B286DC14CF6D}.Debug|ARM.Build.0 = Debug|ARM
		{20D37654-463C-493C-A18E-B286DC14CF6D}.Debug|ARM.Deploy.0 = Debug|ARM
		{20D37654-463C-493C-A18E-B286DC14CF6D}.Debug|iPhone.ActiveCfg = Debug|x86
		{20D37654-463C-493C-A18E-B286DC14CF6D}.Debug|iPhone.Build.0 = Debug|x86
		{20D37654-463C-493C-A18E-B286DC14CF6D}.Debug|iPhone.Deploy.0 = Debug|x86
		{20D37654-463C-493C-A18E-B286DC14CF6D}.Debug|iPhoneSimulator.ActiveCfg = Debug|x86
		{20D37654-463C-493C-A18E-B286DC14CF6D}.Debug|iPhoneSimulator.Build.0 = Debug|x86
		{20D37654-463C-493C-A18E-B286DC14CF6D}.Debug|iPhoneSimulator.Deploy.0 = Debug|x86
		{20D37654-463C-493C-A18E-B286DC14CF6D}.Debug|x64.ActiveCfg = Debug|x64
		{20D37654-463C-493C-A18E-B286DC14CF6D}.Debug|x64.Build.0 = Debug|x64
		{20D37654-463C-493C-A18E-B286DC14CF6D}.Debug|x64.Deploy.0 = Debug|x64
		{20D37654-463C-493C-A18E-B286DC14CF6D}.Debug|x86.ActiveCfg = Debug|x86
		{20D37654-463C-493C-A18E-B286DC14CF6D}.Debug|x86.Build.0 = Debug|x86
		{20D37654-463C-493C-A18E-B286DC14CF6D}.Debug|x86.Deploy.0 = Debug|x86
		{20D37654-463C-493C-A18E-B286DC14CF6D}.Release|Any CPU.ActiveCfg = Release|x86
		{20D37654-463C-493C-A18E-B286DC14CF6D}.Release|Any CPU.Build.0 = Release|x86
		{20D37654-463C-493C-A18E-B286DC14CF6D}.Release|Any CPU.Deploy.0 = Release|x86
		{20D37654-463C-493C-A18E-B286DC14CF6D}.Release|ARM.ActiveCfg = Release|ARM
		{20D37654-463C-493C-A18E-B286DC14CF6D}.Release|ARM.Build.0 = Release|ARM
		{20D37654-463C-493C-A18E-B286DC14CF6D}.Release|ARM.Deploy.0 = Release|ARM
		{20D37654-463C-493C-A18E-B286DC14CF6D}.Release|iPhone.ActiveCfg = Release|x86
		{20D37654-463C-493C-A18E-B286DC14CF6D}.Release|iPhone.Build.0 = Release|x86
		{20D37654-463C-493C-A18E-B286DC14CF6D}.Release|iPhone.Deploy.0 = Release|x86
		{20D37654-463C-493C-A18E-B286DC14CF6D}.Release|iPhoneSimulator.ActiveCfg = Release|x86
		{20D37654-463C-493C-A18E-B286DC14CF6D}.Release|iPhoneSimulator.Build.0 = Release|x86
		{20D37654-463C-493C-A18E-B286DC14CF6D}.Release|iPhoneSimulator.Deploy.0 = Release|x86
		{20D37654-463C-493C-A18E-B286DC14CF6D}.Release|x64.ActiveCfg = Release|x64
		{20D37654-463C-493C-A18E-B286DC14CF6D}.Release|x64.Build.0 = Release|x64
		{20D37654-463C-493C-A18E-B286DC14CF6D}.Release|x64.Deploy.0 = Release|x64
		{20D37654-463C-493C-A18E-B286DC14CF6D}.Release|x86.ActiveCfg = Release|x86
		{20D37654-463C-493C-A18E-B286DC14CF6D}.Release|x86.Build.0 = Release|x86
		{20D37654-463C-493C-A18E-B286DC14CF6D}.Release|x86.Deploy.0 = Release|x86
		{75958704-A987-4AA9-9F6B-D15DD33E0D9F}.Ad-Hoc|Any CPU.ActiveCfg = Debug|Any CPU
		{75958704-A987-4AA9-9F6B-D15DD33E0D9F}.Ad-Hoc|Any CPU.Build.0 = Debug|Any CPU
		{75958704-A987-4AA9-9F6B-D15DD33E0D9F}.Ad-Hoc|Any CPU.Deploy.0 = Debug|Any CPU
		{75958704-A987-4AA9-9F6B-D15DD33E0D9F}.Ad-Hoc|ARM.ActiveCfg = Debug|Any CPU
		{75958704-A987-4AA9-9F6B-D15DD33E0D9F}.Ad-Hoc|ARM.Build.0 = Debug|Any CPU
		{75958704-A987-4AA9-9F6B-D15DD33E0D9F}.Ad-Hoc|ARM.Deploy.0 = Debug|Any CPU
		{75958704-A987-4AA9-9F6B-D15DD33E0D9F}.Ad-Hoc|iPhone.ActiveCfg = Debug|Any CPU
		{75958704-A987-4AA9-9F6B-D15DD33E0D9F}.Ad-Hoc|iPhone.Build.0 = Debug|Any CPU
		{75958704-A987-4AA9-9F6B-D15DD33E0D9F}.Ad-Hoc|iPhone.Deploy.0 = Debug|Any CPU
		{75958704-A987-4AA9-9F6B-D15DD33E0D9F}.Ad-Hoc|iPhoneSimulator.ActiveCfg = Debug|Any CPU
		{75958704-A987-4AA9-9F6B-D15DD33E0D9F}.Ad-Hoc|iPhoneSimulator.Build.0 = Debug|Any CPU
		{75958704-A987-4AA9-9F6B-D15DD33E0D9F}.Ad-Hoc|iPhoneSimulator.Deploy.0 = Debug|Any CPU
		{75958704-A987-4AA9-9F6B-D15DD33E0D9F}.Ad-Hoc|x64.ActiveCfg = Debug|Any CPU
		{75958704-A987-4AA9-9F6B-D15DD33E0D9F}.Ad-Hoc|x64.Build.0 = Debug|Any CPU
		{75958704-A987-4AA9-9F6B-D15DD33E0D9F}.Ad-Hoc|x64.Deploy.0 = Debug|Any CPU
		{75958704-A987-4AA9-9F6B-D15DD33E0D9F}.Ad-Hoc|x86.ActiveCfg = Debug|Any CPU
		{75958704-A987-4AA9-9F6B-D15DD33E0D9F}.Ad-Hoc|x86.Build.0 = Debug|Any CPU
		{75958704-A987-4AA9-9F6B-D15DD33E0D9F}.Ad-Hoc|x86.Deploy.0 = Debug|Any CPU
		{75958704-A987-4AA9-9F6B-D15DD33E0D9F}.AppStore|Any CPU.ActiveCfg = Debug|Any CPU
		{75958704-A987-4AA9-9F6B-D15DD33E0D9F}.AppStore|Any CPU.Build.0 = Debug|Any CPU
		{75958704-A987-4AA9-9F6B-D15DD33E0D9F}.AppStore|Any CPU.Deploy.0 = Debug|Any CPU
		{75958704-A987-4AA9-9F6B-D15DD33E0D9F}.AppStore|ARM.ActiveCfg = Debug|Any CPU
		{75958704-A987-4AA9-9F6B-D15DD33E0D9F}.AppStore|ARM.Build.0 = Debug|Any CPU
		{75958704-A987-4AA9-9F6B-D15DD33E0D9F}.AppStore|ARM.Deploy.0 = Debug|Any CPU
		{75958704-A987-4AA9-9F6B-D15DD33E0D9F}.AppStore|iPhone.ActiveCfg = Debug|Any CPU
		{75958704-A987-4AA9-9F6B-D15DD33E0D9F}.AppStore|iPhone.Build.0 = Debug|Any CPU
		{75958704-A987-4AA9-9F6B-D15DD33E0D9F}.AppStore|iPhone.Deploy.0 = Debug|Any CPU
		{75958704-A987-4AA9-9F6B-D15DD33E0D9F}.AppStore|iPhoneSimulator.ActiveCfg = Debug|Any CPU
		{75958704-A987-4AA9-9F6B-D15DD33E0D9F}.AppStore|iPhoneSimulator.Build.0 = Debug|Any CPU
		{75958704-A987-4AA9-9F6B-D15DD33E0D9F}.AppStore|iPhoneSimulator.Deploy.0 = Debug|Any CPU
		{75958704-A987-4AA9-9F6B-D15DD33E0D9F}.AppStore|x64.ActiveCfg = Debug|Any CPU
		{75958704-A987-4AA9-9F6B-D15DD33E0D9F}.AppStore|x64.Build.0 = Debug|Any CPU
		{75958704-A987-4AA9-9F6B-D15DD33E0D9F}.AppStore|x64.Deploy.0 = Debug|Any CPU
		{75958704-A987-4AA9-9F6B-D15DD33E0D9F}.AppStore|x86.ActiveCfg = Debug|Any CPU
		{75958704-A987-4AA9-9F6B-D15DD33E0D9F}.AppStore|x86.Build.0 = Debug|Any CPU
		{75958704-A987-4AA9-9F6B-D15DD33E0D9F}.AppStore|x86.Deploy.0 = Debug|Any CPU
		{75958704-A987-4AA9-9F6B-D15DD33E0D9F}.Debug|Any CPU.ActiveCfg = Debug|Any CPU
		{75958704-A987-4AA9-9F6B-D15DD33E0D9F}.Debug|Any CPU.Build.0 = Debug|Any CPU
		{75958704-A987-4AA9-9F6B-D15DD33E0D9F}.Debug|Any CPU.Deploy.0 = Debug|Any CPU
		{75958704-A987-4AA9-9F6B-D15DD33E0D9F}.Debug|ARM.ActiveCfg = Debug|Any CPU
		{75958704-A987-4AA9-9F6B-D15DD33E0D9F}.Debug|ARM.Build.0 = Debug|Any CPU
		{75958704-A987-4AA9-9F6B-D15DD33E0D9F}.Debug|ARM.Deploy.0 = Debug|Any CPU
		{75958704-A987-4AA9-9F6B-D15DD33E0D9F}.Debug|iPhone.ActiveCfg = Debug|Any CPU
		{75958704-A987-4AA9-9F6B-D15DD33E0D9F}.Debug|iPhone.Build.0 = Debug|Any CPU
		{75958704-A987-4AA9-9F6B-D15DD33E0D9F}.Debug|iPhone.Deploy.0 = Debug|Any CPU
		{75958704-A987-4AA9-9F6B-D15DD33E0D9F}.Debug|iPhoneSimulator.ActiveCfg = Debug|Any CPU
		{75958704-A987-4AA9-9F6B-D15DD33E0D9F}.Debug|iPhoneSimulator.Build.0 = Debug|Any CPU
		{75958704-A987-4AA9-9F6B-D15DD33E0D9F}.Debug|iPhoneSimulator.Deploy.0 = Debug|Any CPU
		{75958704-A987-4AA9-9F6B-D15DD33E0D9F}.Debug|x64.ActiveCfg = Debug|Any CPU
		{75958704-A987-4AA9-9F6B-D15DD33E0D9F}.Debug|x64.Build.0 = Debug|Any CPU
		{75958704-A987-4AA9-9F6B-D15DD33E0D9F}.Debug|x64.Deploy.0 = Debug|Any CPU
		{75958704-A987-4AA9-9F6B-D15DD33E0D9F}.Debug|x86.ActiveCfg = Debug|Any CPU
		{75958704-A987-4AA9-9F6B-D15DD33E0D9F}.Debug|x86.Build.0 = Debug|Any CPU
		{75958704-A987-4AA9-9F6B-D15DD33E0D9F}.Debug|x86.Deploy.0 = Debug|Any CPU
		{75958704-A987-4AA9-9F6B-D15DD33E0D9F}.Release|Any CPU.ActiveCfg = Release|Any CPU
		{75958704-A987-4AA9-9F6B-D15DD33E0D9F}.Release|Any CPU.Build.0 = Release|Any CPU
		{75958704-A987-4AA9-9F6B-D15DD33E0D9F}.Release|Any CPU.Deploy.0 = Release|Any CPU
		{75958704-A987-4AA9-9F6B-D15DD33E0D9F}.Release|ARM.ActiveCfg = Release|Any CPU
		{75958704-A987-4AA9-9F6B-D15DD33E0D9F}.Release|ARM.Build.0 = Release|Any CPU
		{75958704-A987-4AA9-9F6B-D15DD33E0D9F}.Release|ARM.Deploy.0 = Release|Any CPU
		{75958704-A987-4AA9-9F6B-D15DD33E0D9F}.Release|iPhone.ActiveCfg = Release|Any CPU
		{75958704-A987-4AA9-9F6B-D15DD33E0D9F}.Release|iPhone.Build.0 = Release|Any CPU
		{75958704-A987-4AA9-9F6B-D15DD33E0D9F}.Release|iPhone.Deploy.0 = Release|Any CPU
		{75958704-A987-4AA9-9F6B-D15DD33E0D9F}.Release|iPhoneSimulator.ActiveCfg = Release|Any CPU
		{75958704-A987-4AA9-9F6B-D15DD33E0D9F}.Release|iPhoneSimulator.Build.0 = Release|Any CPU
		{75958704-A987-4AA9-9F6B-D15DD33E0D9F}.Release|iPhoneSimulator.Deploy.0 = Release|Any CPU
		{75958704-A987-4AA9-9F6B-D15DD33E0D9F}.Release|x64.ActiveCfg = Release|Any CPU
		{75958704-A987-4AA9-9F6B-D15DD33E0D9F}.Release|x64.Build.0 = Release|Any CPU
		{75958704-A987-4AA9-9F6B-D15DD33E0D9F}.Release|x64.Deploy.0 = Release|Any CPU
		{75958704-A987-4AA9-9F6B-D15DD33E0D9F}.Release|x86.ActiveCfg = Release|Any CPU
		{75958704-A987-4AA9-9F6B-D15DD33E0D9F}.Release|x86.Build.0 = Release|Any CPU
		{75958704-A987-4AA9-9F6B-D15DD33E0D9F}.Release|x86.Deploy.0 = Release|Any CPU
	EndGlobalSection
	GlobalSection(SolutionProperties) = preSolution
		HideSolutionNode = FALSE
	EndGlobalSection
	GlobalSection(ExtensibilityGlobals) = postSolution
		SolutionGuid = {6F0C6A0D-4B13-412F-9444-D928CB91E87F}
	EndGlobalSection
EndGlobal
